// !$*UTF8*$!
{
	archiveVersion = 1;
	classes = {
	};
	objectVersion = 54;
	objects = {

/* Begin PBXBuildFile section */
		00E356F31AD99517003FC87E /* CarriageTests.m in Sources */ = {isa = PBXBuildFile; fileRef = 00E356F21AD99517003FC87E /* CarriageTests.m */; };
		01E1758BA6D6F6C1A2C39648 /* libPods-Carriage-CarriageTests.a in Frameworks */ = {isa = PBXBuildFile; fileRef = 5AC4414AF22707A01EB30454 /* libPods-Carriage-CarriageTests.a */; };
		039657EF9D414E03BE1704E2 /* SF-Pro-Text-MediumItalic.otf in Resources */ = {isa = PBXBuildFile; fileRef = E1FC3C79E360429FA90A9A8E /* SF-Pro-Text-MediumItalic.otf */; };
		03F8553C625C45E8BFE4F035 /* SF-Pro-Display-Heavy.otf in Resources */ = {isa = PBXBuildFile; fileRef = 933BED6DEEAC4DF384852965 /* SF-Pro-Display-Heavy.otf */; };
		06EFEF3AF03A4A73BE23B75C /* SF-Compact-Rounded-Regular.otf in Resources */ = {isa = PBXBuildFile; fileRef = F0C0CEFFACC142709F0014EB /* SF-Compact-Rounded-Regular.otf */; };
		09D28702CEBB453E9D9720B4 /* SF-Pro-Display-BlackItalic.otf in Resources */ = {isa = PBXBuildFile; fileRef = 7F2619EE9972473BBCD2908D /* SF-Pro-Display-BlackItalic.otf */; };
		12E9C1C9D49D4750B084DA85 /* SF-Compact-Text-Bold.otf in Resources */ = {isa = PBXBuildFile; fileRef = 4AD32E4FE28F4DBDB6FD00D4 /* SF-Compact-Text-Bold.otf */; };
		13ADDA51B7804F3A991C6721 /* SF-Compact-Rounded-Bold.otf in Resources */ = {isa = PBXBuildFile; fileRef = A02B4FB6FF7148A49F31ED39 /* SF-Compact-Rounded-Bold.otf */; };
		13B07FBC1A68108700A75B9A /* AppDelegate.m in Sources */ = {isa = PBXBuildFile; fileRef = 13B07FB01A68108700A75B9A /* AppDelegate.m */; };
		13B07FBF1A68108700A75B9A /* Images.xcassets in Resources */ = {isa = PBXBuildFile; fileRef = 13B07FB51A68108700A75B9A /* Images.xcassets */; };
		13B07FC11A68108700A75B9A /* main.m in Sources */ = {isa = PBXBuildFile; fileRef = 13B07FB71A68108700A75B9A /* main.m */; };
		1BB7B7699D114F428233501F /* SF-Pro-Display-Semibold.otf in Resources */ = {isa = PBXBuildFile; fileRef = 467A8E742F1248CCAF17BDB5 /* SF-Pro-Display-Semibold.otf */; };
		1C7603FE72024B53914D6B7E /* SF-Pro-Text-ThinItalic.otf in Resources */ = {isa = PBXBuildFile; fileRef = 8B57F13D936F48118636A58E /* SF-Pro-Text-ThinItalic.otf */; };
		1CB404C3FD004AD3AE7441F3 /* SF-Compact-Display-Regular.otf in Resources */ = {isa = PBXBuildFile; fileRef = 9D9C20E8AEDD48CFB922895E /* SF-Compact-Display-Regular.otf */; };
		1D290DCD38194FA9B570625A /* SF-Pro-Rounded-Black.otf in Resources */ = {isa = PBXBuildFile; fileRef = A0E6434C8E1F4DF0AFB9D258 /* SF-Pro-Rounded-Black.otf */; };
		20F6E8F0438C4700827D162C /* SF-Pro-Italic.ttf in Resources */ = {isa = PBXBuildFile; fileRef = BA6F681804914838959ACBCD /* SF-Pro-Italic.ttf */; };
		22B4B6734CE848AFB3FD32F4 /* SF-Pro.ttf in Resources */ = {isa = PBXBuildFile; fileRef = 96447D6307AC47C39E044BAB /* SF-Pro.ttf */; };
		22F0A3C483224052B746C993 /* SF-Compact-Text-HeavyItalic.otf in Resources */ = {isa = PBXBuildFile; fileRef = 044E33D5A66D42E0ACBE2EEE /* SF-Compact-Text-HeavyItalic.otf */; };
		2A42188396A5498C9A647F4F /* SF-Pro-Rounded-Ultralight.otf in Resources */ = {isa = PBXBuildFile; fileRef = C21C61A5876949999EB88654 /* SF-Pro-Rounded-Ultralight.otf */; };
		2D582E386C7541DCA6DD386F /* SF-Pro-Text-BoldItalic.otf in Resources */ = {isa = PBXBuildFile; fileRef = 5B417B28157F439CACA7C35C /* SF-Pro-Text-BoldItalic.otf */; };
		30EEB752E7184D39A42446AD /* SF-Compact-Display-Medium.otf in Resources */ = {isa = PBXBuildFile; fileRef = 6B7AE545D76F4237B1BA3456 /* SF-Compact-Display-Medium.otf */; };
		316315A616FF4CC0B08C2AA8 /* SF-Pro-Display-Black.otf in Resources */ = {isa = PBXBuildFile; fileRef = BC38EB05DF8048DFBCEE654B /* SF-Pro-Display-Black.otf */; };
		33F0C563454B497FA7A2872E /* SF-Pro-Text-RegularItalic.otf in Resources */ = {isa = PBXBuildFile; fileRef = 21396A986DD944B6AD68FAB7 /* SF-Pro-Text-RegularItalic.otf */; };
		3439964250E54D208FB7D54A /* SF-Compact-Rounded-Heavy.otf in Resources */ = {isa = PBXBuildFile; fileRef = 2971B1C1777C4B1BBD7C5CB5 /* SF-Compact-Rounded-Heavy.otf */; };
		34C71027C0EF44B8BBA53A82 /* SF-Pro-Rounded-Medium.otf in Resources */ = {isa = PBXBuildFile; fileRef = 5D354ABBF5104823B00F3352 /* SF-Pro-Rounded-Medium.otf */; };
		34EEC862185742EC93CA59A9 /* SF-Pro-Text-Thin.otf in Resources */ = {isa = PBXBuildFile; fileRef = 2119D1AE10B34DDEBE396224 /* SF-Pro-Text-Thin.otf */; };
		35534C3D9EA940389D98B695 /* SF-Pro-Display-LightItalic.otf in Resources */ = {isa = PBXBuildFile; fileRef = 9D45290D930548669368F727 /* SF-Pro-Display-LightItalic.otf */; };
		35686C7BE33846758DCEC95E /* SF-Compact-Rounded-Thin.otf in Resources */ = {isa = PBXBuildFile; fileRef = D31B5658A7534590A41BB21D /* SF-Compact-Rounded-Thin.otf */; };
		369CF81B3B2E4A908F1AFA01 /* SF-Pro-Text-Bold.otf in Resources */ = {isa = PBXBuildFile; fileRef = E0446215DB1245D38FF6B02C /* SF-Pro-Text-Bold.otf */; };
		373929C60B17479BA917789F /* SF-Compact-Text-SemiboldItalic.otf in Resources */ = {isa = PBXBuildFile; fileRef = BE677546B581424A9E3F7778 /* SF-Compact-Text-SemiboldItalic.otf */; };
		391E01D451A74915B0BCE009 /* SF-Compact-Text-UltralightItalic.otf in Resources */ = {isa = PBXBuildFile; fileRef = 669C9FF12197407CA745BE27 /* SF-Compact-Text-UltralightItalic.otf */; };
		3935082FF20F487CA61D4A01 /* SF-Pro-Display-BoldItalic.otf in Resources */ = {isa = PBXBuildFile; fileRef = 65549B4587AA462784B7C014 /* SF-Pro-Display-BoldItalic.otf */; };
		3F0DA9143F274E698742B8DB /* SF-Compact-Text-Black.otf in Resources */ = {isa = PBXBuildFile; fileRef = 97A7872C063344F0A241D38B /* SF-Compact-Text-Black.otf */; };
		3FB12F8CDB25A4C449A09689 /* libPods-Carriage.a in Frameworks */ = {isa = PBXBuildFile; fileRef = 68B025B0014182DD76A93AB5 /* libPods-Carriage.a */; };
		443D7EBDE6E0453781F6AEFB /* SF-Compact-Text-Medium.otf in Resources */ = {isa = PBXBuildFile; fileRef = 18747E77A46949F69D54D270 /* SF-Compact-Text-Medium.otf */; };
		4BF86550635047ABA81B14B8 /* SF-Pro-Text-Heavy.otf in Resources */ = {isa = PBXBuildFile; fileRef = AD556586D1C244DCB8054B16 /* SF-Pro-Text-Heavy.otf */; };
		50D62D9257E04382BF9AF2A3 /* SF-Pro-Text-SemiboldItalic.otf in Resources */ = {isa = PBXBuildFile; fileRef = 8EB2BED98F004B2AAA26238E /* SF-Pro-Text-SemiboldItalic.otf */; };
		563EB80554B5468DA716300B /* SF-Compact-Text-Regular.otf in Resources */ = {isa = PBXBuildFile; fileRef = BA15A953B6574577BC268A0A /* SF-Compact-Text-Regular.otf */; };
		58B7911503D04BB6B5EC55F7 /* SF-Compact-Rounded-Ultralight.otf in Resources */ = {isa = PBXBuildFile; fileRef = D27FE87481234E9B8D0A7C7F /* SF-Compact-Rounded-Ultralight.otf */; };
		58DBFCB1A6D5440384BFD4DE /* SF-Compact-Rounded-Medium.otf in Resources */ = {isa = PBXBuildFile; fileRef = E0E326FE12424B8ABB17C7E5 /* SF-Compact-Rounded-Medium.otf */; };
		5AFE4A0CE4A140D1B840CE80 /* SF-Compact-Text-BlackItalic.otf in Resources */ = {isa = PBXBuildFile; fileRef = E1C55EF2593848C9AF58438A /* SF-Compact-Text-BlackItalic.otf */; };
		5DDBD8F806E84611982B8953 /* SF-Compact-Rounded-Semibold.otf in Resources */ = {isa = PBXBuildFile; fileRef = E3E0ECF0873845E8830B2E7C /* SF-Compact-Rounded-Semibold.otf */; };
		5E44688106244CB0B3075950 /* SF-Pro-Display-Light.otf in Resources */ = {isa = PBXBuildFile; fileRef = BC4EF16F7C8945EC918F7775 /* SF-Pro-Display-Light.otf */; };
		63663A6909954344BE99893A /* SF-Compact-Display-Light.otf in Resources */ = {isa = PBXBuildFile; fileRef = 56643F015C8941B1A61F14EA /* SF-Compact-Display-Light.otf */; };
		63FA356EFE934925B5BEC581 /* SF-Compact-Text-Ultralight.otf in Resources */ = {isa = PBXBuildFile; fileRef = CC1BA1C0C30D4F05B057ECE8 /* SF-Compact-Text-Ultralight.otf */; };
		643D4B0DC7934E1C84CA694F /* SF-Pro-Text-Medium.otf in Resources */ = {isa = PBXBuildFile; fileRef = D2A11FBBE517440797C9F699 /* SF-Pro-Text-Medium.otf */; };
		67D6B50BA9A248618F66AAA7 /* SF-Pro-Display-Medium.otf in Resources */ = {isa = PBXBuildFile; fileRef = 1A753FF16ED8404487EB32A0 /* SF-Pro-Display-Medium.otf */; };
		6AC4183EBE68447394F3B0F8 /* SF-Pro-Display-Thin.otf in Resources */ = {isa = PBXBuildFile; fileRef = 4B97F1E478EE424C97DBCF03 /* SF-Pro-Display-Thin.otf */; };
		6EEB20AF31CA4E7E82E3D015 /* SF-Compact-Text-MediumItalic.otf in Resources */ = {isa = PBXBuildFile; fileRef = 719B5ABB4FC14018BA658AD8 /* SF-Compact-Text-MediumItalic.otf */; };
		720809E70FBE46FD855C6C77 /* SF-Compact-Text-ThinItalic.otf in Resources */ = {isa = PBXBuildFile; fileRef = CF33602DBB4540F183D5717C /* SF-Compact-Text-ThinItalic.otf */; };
		77525D11B1264FD6B833047D /* SF-Compact.ttf in Resources */ = {isa = PBXBuildFile; fileRef = 6EF198341C2F47DB8A19319E /* SF-Compact.ttf */; };
		7BA291930C9C40EE8A5FC0DB /* SF-Pro-Display-Ultralight.otf in Resources */ = {isa = PBXBuildFile; fileRef = 6CAC31B0439247B49791D86D /* SF-Pro-Display-Ultralight.otf */; };
		7D04EB92904749629B869398 /* SF-Pro-Text-Black.otf in Resources */ = {isa = PBXBuildFile; fileRef = B7C35A3471CC426ABD83C20F /* SF-Pro-Text-Black.otf */; };
		81AB9BB82411601600AC10FF /* LaunchScreen.storyboard in Resources */ = {isa = PBXBuildFile; fileRef = 81AB9BB72411601600AC10FF /* LaunchScreen.storyboard */; };
		836F1CA5E124489EB8BDD1BE /* SF-Pro-Text-BlackItalic.otf in Resources */ = {isa = PBXBuildFile; fileRef = 8A2B2F6E71AA44E4817E12AF /* SF-Pro-Text-BlackItalic.otf */; };
		8856989D6A7F430E92DA0931 /* SF-Compact-Italic.ttf in Resources */ = {isa = PBXBuildFile; fileRef = 59CBB5F6BFAE43EBBA83FADD /* SF-Compact-Italic.ttf */; };
		9128519643264492B252DC44 /* SF-Compact-Rounded-Black.otf in Resources */ = {isa = PBXBuildFile; fileRef = 5D1B2873D43B4BB4A4A5CE20 /* SF-Compact-Rounded-Black.otf */; };
		9BE7548B25A94B06899953C4 /* SF-Pro-Rounded-Regular.otf in Resources */ = {isa = PBXBuildFile; fileRef = 4227D5B5B1AB4D20AA86D875 /* SF-Pro-Rounded-Regular.otf */; };
		9D927DF0C0E94DE08272EF80 /* SF-Compact-Text-LightItalic.otf in Resources */ = {isa = PBXBuildFile; fileRef = 06C2EB2ADD4B43F4BF56218A /* SF-Compact-Text-LightItalic.otf */; };
		9EC5B126EB4A448A9D934EE0 /* SF-Compact-Display-Heavy.otf in Resources */ = {isa = PBXBuildFile; fileRef = F9EC53B4F3354D0AA52705E5 /* SF-Compact-Display-Heavy.otf */; };
		9F96AB221D6F4B0395833BBC /* SF-Pro-Display-UltralightItalic.otf in Resources */ = {isa = PBXBuildFile; fileRef = ED3F411680F94DD6ABFB241E /* SF-Pro-Display-UltralightItalic.otf */; };
		9FBCAC97AB5C4E6FBA0F4D4A /* SF-Compact-Display-Ultralight.otf in Resources */ = {isa = PBXBuildFile; fileRef = D7B9F53962AA4D93A98551CD /* SF-Compact-Display-Ultralight.otf */; };
		A1BE5DFD62EC499DAB2EF398 /* SF-Pro-Display-SemiboldItalic.otf in Resources */ = {isa = PBXBuildFile; fileRef = C37592A02E444BED8E916169 /* SF-Pro-Display-SemiboldItalic.otf */; };
		A7F7971FF5564CD9A4062B99 /* SF-Pro-Display-Regular.otf in Resources */ = {isa = PBXBuildFile; fileRef = 3A615A755B65439790F5717C /* SF-Pro-Display-Regular.otf */; };
		A91EA17588F043E4A55F523A /* SF-Pro-Rounded-Heavy.otf in Resources */ = {isa = PBXBuildFile; fileRef = 2E7A5422872B4D359CCBCB80 /* SF-Pro-Rounded-Heavy.otf */; };
		AA1C5446329A4FAB9D672153 /* SF-Compact-Display-Bold.otf in Resources */ = {isa = PBXBuildFile; fileRef = 5BEE71F52D7442AB8AEA8C6E /* SF-Compact-Display-Bold.otf */; };
		ACD014FA848A486DB8353974 /* SF-Pro-Rounded-Light.otf in Resources */ = {isa = PBXBuildFile; fileRef = B0589FABCC744A38B9075643 /* SF-Pro-Rounded-Light.otf */; };
		B2EE8CC8AB3B41CA989C6EB5 /* SF-Pro-Rounded-Bold.otf in Resources */ = {isa = PBXBuildFile; fileRef = A0AAF57A94F849269D7091EF /* SF-Pro-Rounded-Bold.otf */; };
		B788823AE4FC442388FACC81 /* SF-Compact-Rounded-Light.otf in Resources */ = {isa = PBXBuildFile; fileRef = 0A11D222DD6A420BBCFF0609 /* SF-Compact-Rounded-Light.otf */; };
		B7D68FE75D3E4C6498B300CB /* SF-Pro-Display-Bold.otf in Resources */ = {isa = PBXBuildFile; fileRef = EF32B520C0954D9FBBAD7DA0 /* SF-Pro-Display-Bold.otf */; };
		BCC715A6B0E94FEBA152197B /* SF-Compact-Display-Semibold.otf in Resources */ = {isa = PBXBuildFile; fileRef = 2F471BB63DF14F4FA64B96D2 /* SF-Compact-Display-Semibold.otf */; };
		BD221DC736294C54A81092F8 /* SF-Compact-Text-Heavy.otf in Resources */ = {isa = PBXBuildFile; fileRef = 4E63E68F67994DFE8B5F04C3 /* SF-Compact-Text-Heavy.otf */; };
		CD0585C721144833BD2220AF /* SF-Pro-Rounded-Semibold.otf in Resources */ = {isa = PBXBuildFile; fileRef = 2B1957D4249344A8977AA4CC /* SF-Pro-Rounded-Semibold.otf */; };
		CD4532657E93402384EEA1AD /* SF-Pro-Text-LightItalic.otf in Resources */ = {isa = PBXBuildFile; fileRef = 0272701E6E5B40E0B32A5596 /* SF-Pro-Text-LightItalic.otf */; };
		CDA56E318F1A4EBB82690381 /* SF-Compact-Display-Black.otf in Resources */ = {isa = PBXBuildFile; fileRef = CDB9979F74D94549BA822EE4 /* SF-Compact-Display-Black.otf */; };
		D06ADB830002402A82EB7E45 /* SF-Pro-Text-Ultralight.otf in Resources */ = {isa = PBXBuildFile; fileRef = A04983ADEB034D9E88FF5198 /* SF-Pro-Text-Ultralight.otf */; };
		D3353D270813445D9F964F2E /* SF-Pro-Display-HeavyItalic.otf in Resources */ = {isa = PBXBuildFile; fileRef = 083E15F9CF15467AA614023F /* SF-Pro-Display-HeavyItalic.otf */; };
		D4D39D41E6F9418BA9848075 /* SF-Pro-Text-HeavyItalic.otf in Resources */ = {isa = PBXBuildFile; fileRef = 3A7413B3B5B04408A666C985 /* SF-Pro-Text-HeavyItalic.otf */; };
		D5FF84DDA0FA420C8019886C /* SF-Compact-Display-Thin.otf in Resources */ = {isa = PBXBuildFile; fileRef = CB30DF36410B437A92940122 /* SF-Compact-Display-Thin.otf */; };
		DA0E87890D36470EB4671E9D /* SF-Pro-Text-Regular.otf in Resources */ = {isa = PBXBuildFile; fileRef = 6E9E1A07D7FA42398A1B94AF /* SF-Pro-Text-Regular.otf */; };
		DAA00F2FF26D40068F0776CB /* SF-Pro-Display-ThinItalic.otf in Resources */ = {isa = PBXBuildFile; fileRef = C31DCA3534564E5EA6207B7E /* SF-Pro-Display-ThinItalic.otf */; };
		DC507A94121C4C9FA41468D3 /* SF-Compact-Text-RegularItalic.otf in Resources */ = {isa = PBXBuildFile; fileRef = D8B94DCFB9F448B598B7FC87 /* SF-Compact-Text-RegularItalic.otf */; };
		DFDDC527E0054C4298F4B516 /* SF-Compact-Text-Light.otf in Resources */ = {isa = PBXBuildFile; fileRef = D32FD52C4C7E4C89A006828F /* SF-Compact-Text-Light.otf */; };
		E122353195F34955A213D781 /* SF-Pro-Text-Semibold.otf in Resources */ = {isa = PBXBuildFile; fileRef = D611C1A57FF7462FB025E145 /* SF-Pro-Text-Semibold.otf */; };
		E8D7834280604690A2AF70BC /* SF-Pro-Display-RegularItalic.otf in Resources */ = {isa = PBXBuildFile; fileRef = B8B953BFEAB948E897A39826 /* SF-Pro-Display-RegularItalic.otf */; };
		EAF147991FF7442AB0BF0BB4 /* SF-Compact-Text-Semibold.otf in Resources */ = {isa = PBXBuildFile; fileRef = 534E1B50CFC141AA953FF73A /* SF-Compact-Text-Semibold.otf */; };
		F17575B84E39422A8391BD77 /* SF-Compact-Text-BoldItalic.otf in Resources */ = {isa = PBXBuildFile; fileRef = D674828931284FE285FCE5FD /* SF-Compact-Text-BoldItalic.otf */; };
		F2964695A3064A8BA8F6C303 /* SF-Pro-Display-MediumItalic.otf in Resources */ = {isa = PBXBuildFile; fileRef = 087484E161A34D099DF480B5 /* SF-Pro-Display-MediumItalic.otf */; };
		F2E950FF21EF4A07920FE839 /* SF-Compact-Text-Thin.otf in Resources */ = {isa = PBXBuildFile; fileRef = F7E115FF38544AD690C3DC1B /* SF-Compact-Text-Thin.otf */; };
		F47C24CED25A4813BB3B1B20 /* SF-Pro-Rounded-Thin.otf in Resources */ = {isa = PBXBuildFile; fileRef = EFF2D6AE02F04225A0BBABC8 /* SF-Pro-Rounded-Thin.otf */; };
		F51764466B8A45AE85D59229 /* SF-Pro-Text-UltralightItalic.otf in Resources */ = {isa = PBXBuildFile; fileRef = D51F17814F244AE88DB69038 /* SF-Pro-Text-UltralightItalic.otf */; };
		F86E044250D742EE8C85C2BE /* SF-Pro-Text-Light.otf in Resources */ = {isa = PBXBuildFile; fileRef = B672F494B2AB424790D19644 /* SF-Pro-Text-Light.otf */; };
/* End PBXBuildFile section */

/* Begin PBXContainerItemProxy section */
		00E356F41AD99517003FC87E /* PBXContainerItemProxy */ = {
			isa = PBXContainerItemProxy;
			containerPortal = 83CBB9F71A601CBA00E9B192 /* Project object */;
			proxyType = 1;
			remoteGlobalIDString = 13B07F861A680F5B00A75B9A;
			remoteInfo = Carriage;
		};
/* End PBXContainerItemProxy section */

/* Begin PBXFileReference section */
		00E356EE1AD99517003FC87E /* CarriageTests.xctest */ = {isa = PBXFileReference; explicitFileType = wrapper.cfbundle; includeInIndex = 0; path = CarriageTests.xctest; sourceTree = BUILT_PRODUCTS_DIR; };
		00E356F11AD99517003FC87E /* Info.plist */ = {isa = PBXFileReference; lastKnownFileType = text.plist.xml; path = Info.plist; sourceTree = "<group>"; };
		00E356F21AD99517003FC87E /* CarriageTests.m */ = {isa = PBXFileReference; lastKnownFileType = sourcecode.c.objc; path = CarriageTests.m; sourceTree = "<group>"; };
		0272701E6E5B40E0B32A5596 /* SF-Pro-Text-LightItalic.otf */ = {isa = PBXFileReference; explicitFileType = undefined; fileEncoding = undefined; includeInIndex = 0; lastKnownFileType = unknown; name = "SF-Pro-Text-LightItalic.otf"; path = "../src/assets/fonts/SF-Pro-Text-LightItalic.otf"; sourceTree = "<group>"; };
		044E33D5A66D42E0ACBE2EEE /* SF-Compact-Text-HeavyItalic.otf */ = {isa = PBXFileReference; explicitFileType = undefined; fileEncoding = undefined; includeInIndex = 0; lastKnownFileType = unknown; name = "SF-Compact-Text-HeavyItalic.otf"; path = "../src/assets/fonts/SF-Compact-Text-HeavyItalic.otf"; sourceTree = "<group>"; };
		06C2EB2ADD4B43F4BF56218A /* SF-Compact-Text-LightItalic.otf */ = {isa = PBXFileReference; explicitFileType = undefined; fileEncoding = undefined; includeInIndex = 0; lastKnownFileType = unknown; name = "SF-Compact-Text-LightItalic.otf"; path = "../src/assets/fonts/SF-Compact-Text-LightItalic.otf"; sourceTree = "<group>"; };
		083E15F9CF15467AA614023F /* SF-Pro-Display-HeavyItalic.otf */ = {isa = PBXFileReference; explicitFileType = undefined; fileEncoding = undefined; includeInIndex = 0; lastKnownFileType = unknown; name = "SF-Pro-Display-HeavyItalic.otf"; path = "../src/assets/fonts/SF-Pro-Display-HeavyItalic.otf"; sourceTree = "<group>"; };
		087484E161A34D099DF480B5 /* SF-Pro-Display-MediumItalic.otf */ = {isa = PBXFileReference; explicitFileType = undefined; fileEncoding = undefined; includeInIndex = 0; lastKnownFileType = unknown; name = "SF-Pro-Display-MediumItalic.otf"; path = "../src/assets/fonts/SF-Pro-Display-MediumItalic.otf"; sourceTree = "<group>"; };
		0A11D222DD6A420BBCFF0609 /* SF-Compact-Rounded-Light.otf */ = {isa = PBXFileReference; explicitFileType = undefined; fileEncoding = undefined; includeInIndex = 0; lastKnownFileType = unknown; name = "SF-Compact-Rounded-Light.otf"; path = "../src/assets/fonts/SF-Compact-Rounded-Light.otf"; sourceTree = "<group>"; };
		119F25E0446601F96AC0ACB5 /* Pods-Carriage-CarriageTests.release.xcconfig */ = {isa = PBXFileReference; includeInIndex = 1; lastKnownFileType = text.xcconfig; name = "Pods-Carriage-CarriageTests.release.xcconfig"; path = "Target Support Files/Pods-Carriage-CarriageTests/Pods-Carriage-CarriageTests.release.xcconfig"; sourceTree = "<group>"; };
		13B07F961A680F5B00A75B9A /* Carriage.app */ = {isa = PBXFileReference; explicitFileType = wrapper.application; includeInIndex = 0; path = Carriage.app; sourceTree = BUILT_PRODUCTS_DIR; };
		13B07FAF1A68108700A75B9A /* AppDelegate.h */ = {isa = PBXFileReference; fileEncoding = 4; lastKnownFileType = sourcecode.c.h; name = AppDelegate.h; path = Carriage/AppDelegate.h; sourceTree = "<group>"; };
		13B07FB01A68108700A75B9A /* AppDelegate.m */ = {isa = PBXFileReference; fileEncoding = 4; lastKnownFileType = sourcecode.c.objc; name = AppDelegate.m; path = Carriage/AppDelegate.m; sourceTree = "<group>"; };
		13B07FB51A68108700A75B9A /* Images.xcassets */ = {isa = PBXFileReference; lastKnownFileType = folder.assetcatalog; name = Images.xcassets; path = Carriage/Images.xcassets; sourceTree = "<group>"; };
		13B07FB61A68108700A75B9A /* Info.plist */ = {isa = PBXFileReference; fileEncoding = 4; lastKnownFileType = text.plist.xml; name = Info.plist; path = Carriage/Info.plist; sourceTree = "<group>"; };
		13B07FB71A68108700A75B9A /* main.m */ = {isa = PBXFileReference; fileEncoding = 4; lastKnownFileType = sourcecode.c.objc; name = main.m; path = Carriage/main.m; sourceTree = "<group>"; };
		18747E77A46949F69D54D270 /* SF-Compact-Text-Medium.otf */ = {isa = PBXFileReference; explicitFileType = undefined; fileEncoding = undefined; includeInIndex = 0; lastKnownFileType = unknown; name = "SF-Compact-Text-Medium.otf"; path = "../src/assets/fonts/SF-Compact-Text-Medium.otf"; sourceTree = "<group>"; };
		1A753FF16ED8404487EB32A0 /* SF-Pro-Display-Medium.otf */ = {isa = PBXFileReference; explicitFileType = undefined; fileEncoding = undefined; includeInIndex = 0; lastKnownFileType = unknown; name = "SF-Pro-Display-Medium.otf"; path = "../src/assets/fonts/SF-Pro-Display-Medium.otf"; sourceTree = "<group>"; };
		2119D1AE10B34DDEBE396224 /* SF-Pro-Text-Thin.otf */ = {isa = PBXFileReference; explicitFileType = undefined; fileEncoding = undefined; includeInIndex = 0; lastKnownFileType = unknown; name = "SF-Pro-Text-Thin.otf"; path = "../src/assets/fonts/SF-Pro-Text-Thin.otf"; sourceTree = "<group>"; };
		21396A986DD944B6AD68FAB7 /* SF-Pro-Text-RegularItalic.otf */ = {isa = PBXFileReference; explicitFileType = undefined; fileEncoding = undefined; includeInIndex = 0; lastKnownFileType = unknown; name = "SF-Pro-Text-RegularItalic.otf"; path = "../src/assets/fonts/SF-Pro-Text-RegularItalic.otf"; sourceTree = "<group>"; };
		2934A6399DA40DAADB4CA0D5 /* Pods-Carriage.release.xcconfig */ = {isa = PBXFileReference; includeInIndex = 1; lastKnownFileType = text.xcconfig; name = "Pods-Carriage.release.xcconfig"; path = "Target Support Files/Pods-Carriage/Pods-Carriage.release.xcconfig"; sourceTree = "<group>"; };
		2971B1C1777C4B1BBD7C5CB5 /* SF-Compact-Rounded-Heavy.otf */ = {isa = PBXFileReference; explicitFileType = undefined; fileEncoding = undefined; includeInIndex = 0; lastKnownFileType = unknown; name = "SF-Compact-Rounded-Heavy.otf"; path = "../src/assets/fonts/SF-Compact-Rounded-Heavy.otf"; sourceTree = "<group>"; };
		2B1957D4249344A8977AA4CC /* SF-Pro-Rounded-Semibold.otf */ = {isa = PBXFileReference; explicitFileType = undefined; fileEncoding = undefined; includeInIndex = 0; lastKnownFileType = unknown; name = "SF-Pro-Rounded-Semibold.otf"; path = "../src/assets/fonts/SF-Pro-Rounded-Semibold.otf"; sourceTree = "<group>"; };
		2E7A5422872B4D359CCBCB80 /* SF-Pro-Rounded-Heavy.otf */ = {isa = PBXFileReference; explicitFileType = undefined; fileEncoding = undefined; includeInIndex = 0; lastKnownFileType = unknown; name = "SF-Pro-Rounded-Heavy.otf"; path = "../src/assets/fonts/SF-Pro-Rounded-Heavy.otf"; sourceTree = "<group>"; };
		2F00D91F48631A892444E4F8 /* Pods-Carriage.debug.xcconfig */ = {isa = PBXFileReference; includeInIndex = 1; lastKnownFileType = text.xcconfig; name = "Pods-Carriage.debug.xcconfig"; path = "Target Support Files/Pods-Carriage/Pods-Carriage.debug.xcconfig"; sourceTree = "<group>"; };
		2F471BB63DF14F4FA64B96D2 /* SF-Compact-Display-Semibold.otf */ = {isa = PBXFileReference; explicitFileType = undefined; fileEncoding = undefined; includeInIndex = 0; lastKnownFileType = unknown; name = "SF-Compact-Display-Semibold.otf"; path = "../src/assets/fonts/SF-Compact-Display-Semibold.otf"; sourceTree = "<group>"; };
		3568146C872404B471345FF4 /* Pods-Carriage-CarriageTests.debug.xcconfig */ = {isa = PBXFileReference; includeInIndex = 1; lastKnownFileType = text.xcconfig; name = "Pods-Carriage-CarriageTests.debug.xcconfig"; path = "Target Support Files/Pods-Carriage-CarriageTests/Pods-Carriage-CarriageTests.debug.xcconfig"; sourceTree = "<group>"; };
		3A615A755B65439790F5717C /* SF-Pro-Display-Regular.otf */ = {isa = PBXFileReference; explicitFileType = undefined; fileEncoding = undefined; includeInIndex = 0; lastKnownFileType = unknown; name = "SF-Pro-Display-Regular.otf"; path = "../src/assets/fonts/SF-Pro-Display-Regular.otf"; sourceTree = "<group>"; };
		3A7413B3B5B04408A666C985 /* SF-Pro-Text-HeavyItalic.otf */ = {isa = PBXFileReference; explicitFileType = undefined; fileEncoding = undefined; includeInIndex = 0; lastKnownFileType = unknown; name = "SF-Pro-Text-HeavyItalic.otf"; path = "../src/assets/fonts/SF-Pro-Text-HeavyItalic.otf"; sourceTree = "<group>"; };
		4227D5B5B1AB4D20AA86D875 /* SF-Pro-Rounded-Regular.otf */ = {isa = PBXFileReference; explicitFileType = undefined; fileEncoding = undefined; includeInIndex = 0; lastKnownFileType = unknown; name = "SF-Pro-Rounded-Regular.otf"; path = "../src/assets/fonts/SF-Pro-Rounded-Regular.otf"; sourceTree = "<group>"; };
		467A8E742F1248CCAF17BDB5 /* SF-Pro-Display-Semibold.otf */ = {isa = PBXFileReference; explicitFileType = undefined; fileEncoding = undefined; includeInIndex = 0; lastKnownFileType = unknown; name = "SF-Pro-Display-Semibold.otf"; path = "../src/assets/fonts/SF-Pro-Display-Semibold.otf"; sourceTree = "<group>"; };
		4AD32E4FE28F4DBDB6FD00D4 /* SF-Compact-Text-Bold.otf */ = {isa = PBXFileReference; explicitFileType = undefined; fileEncoding = undefined; includeInIndex = 0; lastKnownFileType = unknown; name = "SF-Compact-Text-Bold.otf"; path = "../src/assets/fonts/SF-Compact-Text-Bold.otf"; sourceTree = "<group>"; };
		4B97F1E478EE424C97DBCF03 /* SF-Pro-Display-Thin.otf */ = {isa = PBXFileReference; explicitFileType = undefined; fileEncoding = undefined; includeInIndex = 0; lastKnownFileType = unknown; name = "SF-Pro-Display-Thin.otf"; path = "../src/assets/fonts/SF-Pro-Display-Thin.otf"; sourceTree = "<group>"; };
		4E63E68F67994DFE8B5F04C3 /* SF-Compact-Text-Heavy.otf */ = {isa = PBXFileReference; explicitFileType = undefined; fileEncoding = undefined; includeInIndex = 0; lastKnownFileType = unknown; name = "SF-Compact-Text-Heavy.otf"; path = "../src/assets/fonts/SF-Compact-Text-Heavy.otf"; sourceTree = "<group>"; };
		534E1B50CFC141AA953FF73A /* SF-Compact-Text-Semibold.otf */ = {isa = PBXFileReference; explicitFileType = undefined; fileEncoding = undefined; includeInIndex = 0; lastKnownFileType = unknown; name = "SF-Compact-Text-Semibold.otf"; path = "../src/assets/fonts/SF-Compact-Text-Semibold.otf"; sourceTree = "<group>"; };
		56643F015C8941B1A61F14EA /* SF-Compact-Display-Light.otf */ = {isa = PBXFileReference; explicitFileType = undefined; fileEncoding = undefined; includeInIndex = 0; lastKnownFileType = unknown; name = "SF-Compact-Display-Light.otf"; path = "../src/assets/fonts/SF-Compact-Display-Light.otf"; sourceTree = "<group>"; };
		59CBB5F6BFAE43EBBA83FADD /* SF-Compact-Italic.ttf */ = {isa = PBXFileReference; explicitFileType = undefined; fileEncoding = undefined; includeInIndex = 0; lastKnownFileType = unknown; name = "SF-Compact-Italic.ttf"; path = "../src/assets/fonts/SF-Compact-Italic.ttf"; sourceTree = "<group>"; };
		5AC4414AF22707A01EB30454 /* libPods-Carriage-CarriageTests.a */ = {isa = PBXFileReference; explicitFileType = archive.ar; includeInIndex = 0; path = "libPods-Carriage-CarriageTests.a"; sourceTree = BUILT_PRODUCTS_DIR; };
		5B417B28157F439CACA7C35C /* SF-Pro-Text-BoldItalic.otf */ = {isa = PBXFileReference; explicitFileType = undefined; fileEncoding = undefined; includeInIndex = 0; lastKnownFileType = unknown; name = "SF-Pro-Text-BoldItalic.otf"; path = "../src/assets/fonts/SF-Pro-Text-BoldItalic.otf"; sourceTree = "<group>"; };
		5BEE71F52D7442AB8AEA8C6E /* SF-Compact-Display-Bold.otf */ = {isa = PBXFileReference; explicitFileType = undefined; fileEncoding = undefined; includeInIndex = 0; lastKnownFileType = unknown; name = "SF-Compact-Display-Bold.otf"; path = "../src/assets/fonts/SF-Compact-Display-Bold.otf"; sourceTree = "<group>"; };
		5D1B2873D43B4BB4A4A5CE20 /* SF-Compact-Rounded-Black.otf */ = {isa = PBXFileReference; explicitFileType = undefined; fileEncoding = undefined; includeInIndex = 0; lastKnownFileType = unknown; name = "SF-Compact-Rounded-Black.otf"; path = "../src/assets/fonts/SF-Compact-Rounded-Black.otf"; sourceTree = "<group>"; };
		5D354ABBF5104823B00F3352 /* SF-Pro-Rounded-Medium.otf */ = {isa = PBXFileReference; explicitFileType = undefined; fileEncoding = undefined; includeInIndex = 0; lastKnownFileType = unknown; name = "SF-Pro-Rounded-Medium.otf"; path = "../src/assets/fonts/SF-Pro-Rounded-Medium.otf"; sourceTree = "<group>"; };
		65549B4587AA462784B7C014 /* SF-Pro-Display-BoldItalic.otf */ = {isa = PBXFileReference; explicitFileType = undefined; fileEncoding = undefined; includeInIndex = 0; lastKnownFileType = unknown; name = "SF-Pro-Display-BoldItalic.otf"; path = "../src/assets/fonts/SF-Pro-Display-BoldItalic.otf"; sourceTree = "<group>"; };
		669C9FF12197407CA745BE27 /* SF-Compact-Text-UltralightItalic.otf */ = {isa = PBXFileReference; explicitFileType = undefined; fileEncoding = undefined; includeInIndex = 0; lastKnownFileType = unknown; name = "SF-Compact-Text-UltralightItalic.otf"; path = "../src/assets/fonts/SF-Compact-Text-UltralightItalic.otf"; sourceTree = "<group>"; };
		68B025B0014182DD76A93AB5 /* libPods-Carriage.a */ = {isa = PBXFileReference; explicitFileType = archive.ar; includeInIndex = 0; path = "libPods-Carriage.a"; sourceTree = BUILT_PRODUCTS_DIR; };
		6B7AE545D76F4237B1BA3456 /* SF-Compact-Display-Medium.otf */ = {isa = PBXFileReference; explicitFileType = undefined; fileEncoding = undefined; includeInIndex = 0; lastKnownFileType = unknown; name = "SF-Compact-Display-Medium.otf"; path = "../src/assets/fonts/SF-Compact-Display-Medium.otf"; sourceTree = "<group>"; };
		6CAC31B0439247B49791D86D /* SF-Pro-Display-Ultralight.otf */ = {isa = PBXFileReference; explicitFileType = undefined; fileEncoding = undefined; includeInIndex = 0; lastKnownFileType = unknown; name = "SF-Pro-Display-Ultralight.otf"; path = "../src/assets/fonts/SF-Pro-Display-Ultralight.otf"; sourceTree = "<group>"; };
		6E9E1A07D7FA42398A1B94AF /* SF-Pro-Text-Regular.otf */ = {isa = PBXFileReference; explicitFileType = undefined; fileEncoding = undefined; includeInIndex = 0; lastKnownFileType = unknown; name = "SF-Pro-Text-Regular.otf"; path = "../src/assets/fonts/SF-Pro-Text-Regular.otf"; sourceTree = "<group>"; };
		6EF198341C2F47DB8A19319E /* SF-Compact.ttf */ = {isa = PBXFileReference; explicitFileType = undefined; fileEncoding = undefined; includeInIndex = 0; lastKnownFileType = unknown; name = "SF-Compact.ttf"; path = "../src/assets/fonts/SF-Compact.ttf"; sourceTree = "<group>"; };
		719B5ABB4FC14018BA658AD8 /* SF-Compact-Text-MediumItalic.otf */ = {isa = PBXFileReference; explicitFileType = undefined; fileEncoding = undefined; includeInIndex = 0; lastKnownFileType = unknown; name = "SF-Compact-Text-MediumItalic.otf"; path = "../src/assets/fonts/SF-Compact-Text-MediumItalic.otf"; sourceTree = "<group>"; };
		7F2619EE9972473BBCD2908D /* SF-Pro-Display-BlackItalic.otf */ = {isa = PBXFileReference; explicitFileType = undefined; fileEncoding = undefined; includeInIndex = 0; lastKnownFileType = unknown; name = "SF-Pro-Display-BlackItalic.otf"; path = "../src/assets/fonts/SF-Pro-Display-BlackItalic.otf"; sourceTree = "<group>"; };
		81AB9BB72411601600AC10FF /* LaunchScreen.storyboard */ = {isa = PBXFileReference; fileEncoding = 4; lastKnownFileType = file.storyboard; name = LaunchScreen.storyboard; path = Carriage/LaunchScreen.storyboard; sourceTree = "<group>"; };
		8A2B2F6E71AA44E4817E12AF /* SF-Pro-Text-BlackItalic.otf */ = {isa = PBXFileReference; explicitFileType = undefined; fileEncoding = undefined; includeInIndex = 0; lastKnownFileType = unknown; name = "SF-Pro-Text-BlackItalic.otf"; path = "../src/assets/fonts/SF-Pro-Text-BlackItalic.otf"; sourceTree = "<group>"; };
		8B57F13D936F48118636A58E /* SF-Pro-Text-ThinItalic.otf */ = {isa = PBXFileReference; explicitFileType = undefined; fileEncoding = undefined; includeInIndex = 0; lastKnownFileType = unknown; name = "SF-Pro-Text-ThinItalic.otf"; path = "../src/assets/fonts/SF-Pro-Text-ThinItalic.otf"; sourceTree = "<group>"; };
		8EB2BED98F004B2AAA26238E /* SF-Pro-Text-SemiboldItalic.otf */ = {isa = PBXFileReference; explicitFileType = undefined; fileEncoding = undefined; includeInIndex = 0; lastKnownFileType = unknown; name = "SF-Pro-Text-SemiboldItalic.otf"; path = "../src/assets/fonts/SF-Pro-Text-SemiboldItalic.otf"; sourceTree = "<group>"; };
		933BED6DEEAC4DF384852965 /* SF-Pro-Display-Heavy.otf */ = {isa = PBXFileReference; explicitFileType = undefined; fileEncoding = undefined; includeInIndex = 0; lastKnownFileType = unknown; name = "SF-Pro-Display-Heavy.otf"; path = "../src/assets/fonts/SF-Pro-Display-Heavy.otf"; sourceTree = "<group>"; };
		96447D6307AC47C39E044BAB /* SF-Pro.ttf */ = {isa = PBXFileReference; explicitFileType = undefined; fileEncoding = undefined; includeInIndex = 0; lastKnownFileType = unknown; name = "SF-Pro.ttf"; path = "../src/assets/fonts/SF-Pro.ttf"; sourceTree = "<group>"; };
		97A7872C063344F0A241D38B /* SF-Compact-Text-Black.otf */ = {isa = PBXFileReference; explicitFileType = undefined; fileEncoding = undefined; includeInIndex = 0; lastKnownFileType = unknown; name = "SF-Compact-Text-Black.otf"; path = "../src/assets/fonts/SF-Compact-Text-Black.otf"; sourceTree = "<group>"; };
		9D45290D930548669368F727 /* SF-Pro-Display-LightItalic.otf */ = {isa = PBXFileReference; explicitFileType = undefined; fileEncoding = undefined; includeInIndex = 0; lastKnownFileType = unknown; name = "SF-Pro-Display-LightItalic.otf"; path = "../src/assets/fonts/SF-Pro-Display-LightItalic.otf"; sourceTree = "<group>"; };
		9D9C20E8AEDD48CFB922895E /* SF-Compact-Display-Regular.otf */ = {isa = PBXFileReference; explicitFileType = undefined; fileEncoding = undefined; includeInIndex = 0; lastKnownFileType = unknown; name = "SF-Compact-Display-Regular.otf"; path = "../src/assets/fonts/SF-Compact-Display-Regular.otf"; sourceTree = "<group>"; };
		A02B4FB6FF7148A49F31ED39 /* SF-Compact-Rounded-Bold.otf */ = {isa = PBXFileReference; explicitFileType = undefined; fileEncoding = undefined; includeInIndex = 0; lastKnownFileType = unknown; name = "SF-Compact-Rounded-Bold.otf"; path = "../src/assets/fonts/SF-Compact-Rounded-Bold.otf"; sourceTree = "<group>"; };
		A04983ADEB034D9E88FF5198 /* SF-Pro-Text-Ultralight.otf */ = {isa = PBXFileReference; explicitFileType = undefined; fileEncoding = undefined; includeInIndex = 0; lastKnownFileType = unknown; name = "SF-Pro-Text-Ultralight.otf"; path = "../src/assets/fonts/SF-Pro-Text-Ultralight.otf"; sourceTree = "<group>"; };
		A0AAF57A94F849269D7091EF /* SF-Pro-Rounded-Bold.otf */ = {isa = PBXFileReference; explicitFileType = undefined; fileEncoding = undefined; includeInIndex = 0; lastKnownFileType = unknown; name = "SF-Pro-Rounded-Bold.otf"; path = "../src/assets/fonts/SF-Pro-Rounded-Bold.otf"; sourceTree = "<group>"; };
		A0E6434C8E1F4DF0AFB9D258 /* SF-Pro-Rounded-Black.otf */ = {isa = PBXFileReference; explicitFileType = undefined; fileEncoding = undefined; includeInIndex = 0; lastKnownFileType = unknown; name = "SF-Pro-Rounded-Black.otf"; path = "../src/assets/fonts/SF-Pro-Rounded-Black.otf"; sourceTree = "<group>"; };
		AD556586D1C244DCB8054B16 /* SF-Pro-Text-Heavy.otf */ = {isa = PBXFileReference; explicitFileType = undefined; fileEncoding = undefined; includeInIndex = 0; lastKnownFileType = unknown; name = "SF-Pro-Text-Heavy.otf"; path = "../src/assets/fonts/SF-Pro-Text-Heavy.otf"; sourceTree = "<group>"; };
		B0589FABCC744A38B9075643 /* SF-Pro-Rounded-Light.otf */ = {isa = PBXFileReference; explicitFileType = undefined; fileEncoding = undefined; includeInIndex = 0; lastKnownFileType = unknown; name = "SF-Pro-Rounded-Light.otf"; path = "../src/assets/fonts/SF-Pro-Rounded-Light.otf"; sourceTree = "<group>"; };
		B672F494B2AB424790D19644 /* SF-Pro-Text-Light.otf */ = {isa = PBXFileReference; explicitFileType = undefined; fileEncoding = undefined; includeInIndex = 0; lastKnownFileType = unknown; name = "SF-Pro-Text-Light.otf"; path = "../src/assets/fonts/SF-Pro-Text-Light.otf"; sourceTree = "<group>"; };
		B7C35A3471CC426ABD83C20F /* SF-Pro-Text-Black.otf */ = {isa = PBXFileReference; explicitFileType = undefined; fileEncoding = undefined; includeInIndex = 0; lastKnownFileType = unknown; name = "SF-Pro-Text-Black.otf"; path = "../src/assets/fonts/SF-Pro-Text-Black.otf"; sourceTree = "<group>"; };
		B8B953BFEAB948E897A39826 /* SF-Pro-Display-RegularItalic.otf */ = {isa = PBXFileReference; explicitFileType = undefined; fileEncoding = undefined; includeInIndex = 0; lastKnownFileType = unknown; name = "SF-Pro-Display-RegularItalic.otf"; path = "../src/assets/fonts/SF-Pro-Display-RegularItalic.otf"; sourceTree = "<group>"; };
		BA15A953B6574577BC268A0A /* SF-Compact-Text-Regular.otf */ = {isa = PBXFileReference; explicitFileType = undefined; fileEncoding = undefined; includeInIndex = 0; lastKnownFileType = unknown; name = "SF-Compact-Text-Regular.otf"; path = "../src/assets/fonts/SF-Compact-Text-Regular.otf"; sourceTree = "<group>"; };
		BA6F681804914838959ACBCD /* SF-Pro-Italic.ttf */ = {isa = PBXFileReference; explicitFileType = undefined; fileEncoding = undefined; includeInIndex = 0; lastKnownFileType = unknown; name = "SF-Pro-Italic.ttf"; path = "../src/assets/fonts/SF-Pro-Italic.ttf"; sourceTree = "<group>"; };
		BC38EB05DF8048DFBCEE654B /* SF-Pro-Display-Black.otf */ = {isa = PBXFileReference; explicitFileType = undefined; fileEncoding = undefined; includeInIndex = 0; lastKnownFileType = unknown; name = "SF-Pro-Display-Black.otf"; path = "../src/assets/fonts/SF-Pro-Display-Black.otf"; sourceTree = "<group>"; };
		BC4EF16F7C8945EC918F7775 /* SF-Pro-Display-Light.otf */ = {isa = PBXFileReference; explicitFileType = undefined; fileEncoding = undefined; includeInIndex = 0; lastKnownFileType = unknown; name = "SF-Pro-Display-Light.otf"; path = "../src/assets/fonts/SF-Pro-Display-Light.otf"; sourceTree = "<group>"; };
		BE677546B581424A9E3F7778 /* SF-Compact-Text-SemiboldItalic.otf */ = {isa = PBXFileReference; explicitFileType = undefined; fileEncoding = undefined; includeInIndex = 0; lastKnownFileType = unknown; name = "SF-Compact-Text-SemiboldItalic.otf"; path = "../src/assets/fonts/SF-Compact-Text-SemiboldItalic.otf"; sourceTree = "<group>"; };
		C21C61A5876949999EB88654 /* SF-Pro-Rounded-Ultralight.otf */ = {isa = PBXFileReference; explicitFileType = undefined; fileEncoding = undefined; includeInIndex = 0; lastKnownFileType = unknown; name = "SF-Pro-Rounded-Ultralight.otf"; path = "../src/assets/fonts/SF-Pro-Rounded-Ultralight.otf"; sourceTree = "<group>"; };
		C31DCA3534564E5EA6207B7E /* SF-Pro-Display-ThinItalic.otf */ = {isa = PBXFileReference; explicitFileType = undefined; fileEncoding = undefined; includeInIndex = 0; lastKnownFileType = unknown; name = "SF-Pro-Display-ThinItalic.otf"; path = "../src/assets/fonts/SF-Pro-Display-ThinItalic.otf"; sourceTree = "<group>"; };
		C37592A02E444BED8E916169 /* SF-Pro-Display-SemiboldItalic.otf */ = {isa = PBXFileReference; explicitFileType = undefined; fileEncoding = undefined; includeInIndex = 0; lastKnownFileType = unknown; name = "SF-Pro-Display-SemiboldItalic.otf"; path = "../src/assets/fonts/SF-Pro-Display-SemiboldItalic.otf"; sourceTree = "<group>"; };
		CB30DF36410B437A92940122 /* SF-Compact-Display-Thin.otf */ = {isa = PBXFileReference; explicitFileType = undefined; fileEncoding = undefined; includeInIndex = 0; lastKnownFileType = unknown; name = "SF-Compact-Display-Thin.otf"; path = "../src/assets/fonts/SF-Compact-Display-Thin.otf"; sourceTree = "<group>"; };
		CC1BA1C0C30D4F05B057ECE8 /* SF-Compact-Text-Ultralight.otf */ = {isa = PBXFileReference; explicitFileType = undefined; fileEncoding = undefined; includeInIndex = 0; lastKnownFileType = unknown; name = "SF-Compact-Text-Ultralight.otf"; path = "../src/assets/fonts/SF-Compact-Text-Ultralight.otf"; sourceTree = "<group>"; };
		CDB9979F74D94549BA822EE4 /* SF-Compact-Display-Black.otf */ = {isa = PBXFileReference; explicitFileType = undefined; fileEncoding = undefined; includeInIndex = 0; lastKnownFileType = unknown; name = "SF-Compact-Display-Black.otf"; path = "../src/assets/fonts/SF-Compact-Display-Black.otf"; sourceTree = "<group>"; };
		CF33602DBB4540F183D5717C /* SF-Compact-Text-ThinItalic.otf */ = {isa = PBXFileReference; explicitFileType = undefined; fileEncoding = undefined; includeInIndex = 0; lastKnownFileType = unknown; name = "SF-Compact-Text-ThinItalic.otf"; path = "../src/assets/fonts/SF-Compact-Text-ThinItalic.otf"; sourceTree = "<group>"; };
		D27FE87481234E9B8D0A7C7F /* SF-Compact-Rounded-Ultralight.otf */ = {isa = PBXFileReference; explicitFileType = undefined; fileEncoding = undefined; includeInIndex = 0; lastKnownFileType = unknown; name = "SF-Compact-Rounded-Ultralight.otf"; path = "../src/assets/fonts/SF-Compact-Rounded-Ultralight.otf"; sourceTree = "<group>"; };
		D2A11FBBE517440797C9F699 /* SF-Pro-Text-Medium.otf */ = {isa = PBXFileReference; explicitFileType = undefined; fileEncoding = undefined; includeInIndex = 0; lastKnownFileType = unknown; name = "SF-Pro-Text-Medium.otf"; path = "../src/assets/fonts/SF-Pro-Text-Medium.otf"; sourceTree = "<group>"; };
		D31B5658A7534590A41BB21D /* SF-Compact-Rounded-Thin.otf */ = {isa = PBXFileReference; explicitFileType = undefined; fileEncoding = undefined; includeInIndex = 0; lastKnownFileType = unknown; name = "SF-Compact-Rounded-Thin.otf"; path = "../src/assets/fonts/SF-Compact-Rounded-Thin.otf"; sourceTree = "<group>"; };
		D32FD52C4C7E4C89A006828F /* SF-Compact-Text-Light.otf */ = {isa = PBXFileReference; explicitFileType = undefined; fileEncoding = undefined; includeInIndex = 0; lastKnownFileType = unknown; name = "SF-Compact-Text-Light.otf"; path = "../src/assets/fonts/SF-Compact-Text-Light.otf"; sourceTree = "<group>"; };
		D51F17814F244AE88DB69038 /* SF-Pro-Text-UltralightItalic.otf */ = {isa = PBXFileReference; explicitFileType = undefined; fileEncoding = undefined; includeInIndex = 0; lastKnownFileType = unknown; name = "SF-Pro-Text-UltralightItalic.otf"; path = "../src/assets/fonts/SF-Pro-Text-UltralightItalic.otf"; sourceTree = "<group>"; };
		D611C1A57FF7462FB025E145 /* SF-Pro-Text-Semibold.otf */ = {isa = PBXFileReference; explicitFileType = undefined; fileEncoding = undefined; includeInIndex = 0; lastKnownFileType = unknown; name = "SF-Pro-Text-Semibold.otf"; path = "../src/assets/fonts/SF-Pro-Text-Semibold.otf"; sourceTree = "<group>"; };
		D674828931284FE285FCE5FD /* SF-Compact-Text-BoldItalic.otf */ = {isa = PBXFileReference; explicitFileType = undefined; fileEncoding = undefined; includeInIndex = 0; lastKnownFileType = unknown; name = "SF-Compact-Text-BoldItalic.otf"; path = "../src/assets/fonts/SF-Compact-Text-BoldItalic.otf"; sourceTree = "<group>"; };
		D7B9F53962AA4D93A98551CD /* SF-Compact-Display-Ultralight.otf */ = {isa = PBXFileReference; explicitFileType = undefined; fileEncoding = undefined; includeInIndex = 0; lastKnownFileType = unknown; name = "SF-Compact-Display-Ultralight.otf"; path = "../src/assets/fonts/SF-Compact-Display-Ultralight.otf"; sourceTree = "<group>"; };
		D8B94DCFB9F448B598B7FC87 /* SF-Compact-Text-RegularItalic.otf */ = {isa = PBXFileReference; explicitFileType = undefined; fileEncoding = undefined; includeInIndex = 0; lastKnownFileType = unknown; name = "SF-Compact-Text-RegularItalic.otf"; path = "../src/assets/fonts/SF-Compact-Text-RegularItalic.otf"; sourceTree = "<group>"; };
		E0446215DB1245D38FF6B02C /* SF-Pro-Text-Bold.otf */ = {isa = PBXFileReference; explicitFileType = undefined; fileEncoding = undefined; includeInIndex = 0; lastKnownFileType = unknown; name = "SF-Pro-Text-Bold.otf"; path = "../src/assets/fonts/SF-Pro-Text-Bold.otf"; sourceTree = "<group>"; };
		E0E326FE12424B8ABB17C7E5 /* SF-Compact-Rounded-Medium.otf */ = {isa = PBXFileReference; explicitFileType = undefined; fileEncoding = undefined; includeInIndex = 0; lastKnownFileType = unknown; name = "SF-Compact-Rounded-Medium.otf"; path = "../src/assets/fonts/SF-Compact-Rounded-Medium.otf"; sourceTree = "<group>"; };
		E1C55EF2593848C9AF58438A /* SF-Compact-Text-BlackItalic.otf */ = {isa = PBXFileReference; explicitFileType = undefined; fileEncoding = undefined; includeInIndex = 0; lastKnownFileType = unknown; name = "SF-Compact-Text-BlackItalic.otf"; path = "../src/assets/fonts/SF-Compact-Text-BlackItalic.otf"; sourceTree = "<group>"; };
		E1FC3C79E360429FA90A9A8E /* SF-Pro-Text-MediumItalic.otf */ = {isa = PBXFileReference; explicitFileType = undefined; fileEncoding = undefined; includeInIndex = 0; lastKnownFileType = unknown; name = "SF-Pro-Text-MediumItalic.otf"; path = "../src/assets/fonts/SF-Pro-Text-MediumItalic.otf"; sourceTree = "<group>"; };
		E3E0ECF0873845E8830B2E7C /* SF-Compact-Rounded-Semibold.otf */ = {isa = PBXFileReference; explicitFileType = undefined; fileEncoding = undefined; includeInIndex = 0; lastKnownFileType = unknown; name = "SF-Compact-Rounded-Semibold.otf"; path = "../src/assets/fonts/SF-Compact-Rounded-Semibold.otf"; sourceTree = "<group>"; };
		ED297162215061F000B7C4FE /* JavaScriptCore.framework */ = {isa = PBXFileReference; lastKnownFileType = wrapper.framework; name = JavaScriptCore.framework; path = System/Library/Frameworks/JavaScriptCore.framework; sourceTree = SDKROOT; };
		ED3F411680F94DD6ABFB241E /* SF-Pro-Display-UltralightItalic.otf */ = {isa = PBXFileReference; explicitFileType = undefined; fileEncoding = undefined; includeInIndex = 0; lastKnownFileType = unknown; name = "SF-Pro-Display-UltralightItalic.otf"; path = "../src/assets/fonts/SF-Pro-Display-UltralightItalic.otf"; sourceTree = "<group>"; };
		EF32B520C0954D9FBBAD7DA0 /* SF-Pro-Display-Bold.otf */ = {isa = PBXFileReference; explicitFileType = undefined; fileEncoding = undefined; includeInIndex = 0; lastKnownFileType = unknown; name = "SF-Pro-Display-Bold.otf"; path = "../src/assets/fonts/SF-Pro-Display-Bold.otf"; sourceTree = "<group>"; };
		EFF2D6AE02F04225A0BBABC8 /* SF-Pro-Rounded-Thin.otf */ = {isa = PBXFileReference; explicitFileType = undefined; fileEncoding = undefined; includeInIndex = 0; lastKnownFileType = unknown; name = "SF-Pro-Rounded-Thin.otf"; path = "../src/assets/fonts/SF-Pro-Rounded-Thin.otf"; sourceTree = "<group>"; };
		F0C0CEFFACC142709F0014EB /* SF-Compact-Rounded-Regular.otf */ = {isa = PBXFileReference; explicitFileType = undefined; fileEncoding = undefined; includeInIndex = 0; lastKnownFileType = unknown; name = "SF-Compact-Rounded-Regular.otf"; path = "../src/assets/fonts/SF-Compact-Rounded-Regular.otf"; sourceTree = "<group>"; };
		F7E115FF38544AD690C3DC1B /* SF-Compact-Text-Thin.otf */ = {isa = PBXFileReference; explicitFileType = undefined; fileEncoding = undefined; includeInIndex = 0; lastKnownFileType = unknown; name = "SF-Compact-Text-Thin.otf"; path = "../src/assets/fonts/SF-Compact-Text-Thin.otf"; sourceTree = "<group>"; };
		F9EC53B4F3354D0AA52705E5 /* SF-Compact-Display-Heavy.otf */ = {isa = PBXFileReference; explicitFileType = undefined; fileEncoding = undefined; includeInIndex = 0; lastKnownFileType = unknown; name = "SF-Compact-Display-Heavy.otf"; path = "../src/assets/fonts/SF-Compact-Display-Heavy.otf"; sourceTree = "<group>"; };
/* End PBXFileReference section */

/* Begin PBXFrameworksBuildPhase section */
		00E356EB1AD99517003FC87E /* Frameworks */ = {
			isa = PBXFrameworksBuildPhase;
			buildActionMask = 2147483647;
			files = (
				01E1758BA6D6F6C1A2C39648 /* libPods-Carriage-CarriageTests.a in Frameworks */,
			);
			runOnlyForDeploymentPostprocessing = 0;
		};
		13B07F8C1A680F5B00A75B9A /* Frameworks */ = {
			isa = PBXFrameworksBuildPhase;
			buildActionMask = 2147483647;
			files = (
				3FB12F8CDB25A4C449A09689 /* libPods-Carriage.a in Frameworks */,
			);
			runOnlyForDeploymentPostprocessing = 0;
		};
/* End PBXFrameworksBuildPhase section */

/* Begin PBXGroup section */
		00E356EF1AD99517003FC87E /* CarriageTests */ = {
			isa = PBXGroup;
			children = (
				00E356F21AD99517003FC87E /* CarriageTests.m */,
				00E356F01AD99517003FC87E /* Supporting Files */,
			);
			path = CarriageTests;
			sourceTree = "<group>";
		};
		00E356F01AD99517003FC87E /* Supporting Files */ = {
			isa = PBXGroup;
			children = (
				00E356F11AD99517003FC87E /* Info.plist */,
			);
			name = "Supporting Files";
			sourceTree = "<group>";
		};
		13B07FAE1A68108700A75B9A /* Carriage */ = {
			isa = PBXGroup;
			children = (
				13B07FAF1A68108700A75B9A /* AppDelegate.h */,
				13B07FB01A68108700A75B9A /* AppDelegate.m */,
				13B07FB51A68108700A75B9A /* Images.xcassets */,
				13B07FB61A68108700A75B9A /* Info.plist */,
				81AB9BB72411601600AC10FF /* LaunchScreen.storyboard */,
				13B07FB71A68108700A75B9A /* main.m */,
			);
			name = Carriage;
			sourceTree = "<group>";
		};
		24D4D16E5F6A4B15A4ACF662 /* Resources */ = {
			isa = PBXGroup;
			children = (
				CDB9979F74D94549BA822EE4 /* SF-Compact-Display-Black.otf */,
				5BEE71F52D7442AB8AEA8C6E /* SF-Compact-Display-Bold.otf */,
				F9EC53B4F3354D0AA52705E5 /* SF-Compact-Display-Heavy.otf */,
				56643F015C8941B1A61F14EA /* SF-Compact-Display-Light.otf */,
				6B7AE545D76F4237B1BA3456 /* SF-Compact-Display-Medium.otf */,
				9D9C20E8AEDD48CFB922895E /* SF-Compact-Display-Regular.otf */,
				2F471BB63DF14F4FA64B96D2 /* SF-Compact-Display-Semibold.otf */,
				CB30DF36410B437A92940122 /* SF-Compact-Display-Thin.otf */,
				D7B9F53962AA4D93A98551CD /* SF-Compact-Display-Ultralight.otf */,
				59CBB5F6BFAE43EBBA83FADD /* SF-Compact-Italic.ttf */,
				5D1B2873D43B4BB4A4A5CE20 /* SF-Compact-Rounded-Black.otf */,
				A02B4FB6FF7148A49F31ED39 /* SF-Compact-Rounded-Bold.otf */,
				2971B1C1777C4B1BBD7C5CB5 /* SF-Compact-Rounded-Heavy.otf */,
				0A11D222DD6A420BBCFF0609 /* SF-Compact-Rounded-Light.otf */,
				E0E326FE12424B8ABB17C7E5 /* SF-Compact-Rounded-Medium.otf */,
				F0C0CEFFACC142709F0014EB /* SF-Compact-Rounded-Regular.otf */,
				E3E0ECF0873845E8830B2E7C /* SF-Compact-Rounded-Semibold.otf */,
				D31B5658A7534590A41BB21D /* SF-Compact-Rounded-Thin.otf */,
				D27FE87481234E9B8D0A7C7F /* SF-Compact-Rounded-Ultralight.otf */,
				97A7872C063344F0A241D38B /* SF-Compact-Text-Black.otf */,
				E1C55EF2593848C9AF58438A /* SF-Compact-Text-BlackItalic.otf */,
				4AD32E4FE28F4DBDB6FD00D4 /* SF-Compact-Text-Bold.otf */,
				D674828931284FE285FCE5FD /* SF-Compact-Text-BoldItalic.otf */,
				4E63E68F67994DFE8B5F04C3 /* SF-Compact-Text-Heavy.otf */,
				044E33D5A66D42E0ACBE2EEE /* SF-Compact-Text-HeavyItalic.otf */,
				D32FD52C4C7E4C89A006828F /* SF-Compact-Text-Light.otf */,
				06C2EB2ADD4B43F4BF56218A /* SF-Compact-Text-LightItalic.otf */,
				18747E77A46949F69D54D270 /* SF-Compact-Text-Medium.otf */,
				719B5ABB4FC14018BA658AD8 /* SF-Compact-Text-MediumItalic.otf */,
				BA15A953B6574577BC268A0A /* SF-Compact-Text-Regular.otf */,
				D8B94DCFB9F448B598B7FC87 /* SF-Compact-Text-RegularItalic.otf */,
				534E1B50CFC141AA953FF73A /* SF-Compact-Text-Semibold.otf */,
				BE677546B581424A9E3F7778 /* SF-Compact-Text-SemiboldItalic.otf */,
				F7E115FF38544AD690C3DC1B /* SF-Compact-Text-Thin.otf */,
				CF33602DBB4540F183D5717C /* SF-Compact-Text-ThinItalic.otf */,
				CC1BA1C0C30D4F05B057ECE8 /* SF-Compact-Text-Ultralight.otf */,
				669C9FF12197407CA745BE27 /* SF-Compact-Text-UltralightItalic.otf */,
				6EF198341C2F47DB8A19319E /* SF-Compact.ttf */,
				BC38EB05DF8048DFBCEE654B /* SF-Pro-Display-Black.otf */,
				7F2619EE9972473BBCD2908D /* SF-Pro-Display-BlackItalic.otf */,
				EF32B520C0954D9FBBAD7DA0 /* SF-Pro-Display-Bold.otf */,
				65549B4587AA462784B7C014 /* SF-Pro-Display-BoldItalic.otf */,
				933BED6DEEAC4DF384852965 /* SF-Pro-Display-Heavy.otf */,
				083E15F9CF15467AA614023F /* SF-Pro-Display-HeavyItalic.otf */,
				BC4EF16F7C8945EC918F7775 /* SF-Pro-Display-Light.otf */,
				9D45290D930548669368F727 /* SF-Pro-Display-LightItalic.otf */,
				1A753FF16ED8404487EB32A0 /* SF-Pro-Display-Medium.otf */,
				087484E161A34D099DF480B5 /* SF-Pro-Display-MediumItalic.otf */,
				3A615A755B65439790F5717C /* SF-Pro-Display-Regular.otf */,
				B8B953BFEAB948E897A39826 /* SF-Pro-Display-RegularItalic.otf */,
				467A8E742F1248CCAF17BDB5 /* SF-Pro-Display-Semibold.otf */,
				C37592A02E444BED8E916169 /* SF-Pro-Display-SemiboldItalic.otf */,
				4B97F1E478EE424C97DBCF03 /* SF-Pro-Display-Thin.otf */,
				C31DCA3534564E5EA6207B7E /* SF-Pro-Display-ThinItalic.otf */,
				6CAC31B0439247B49791D86D /* SF-Pro-Display-Ultralight.otf */,
				ED3F411680F94DD6ABFB241E /* SF-Pro-Display-UltralightItalic.otf */,
				BA6F681804914838959ACBCD /* SF-Pro-Italic.ttf */,
				A0E6434C8E1F4DF0AFB9D258 /* SF-Pro-Rounded-Black.otf */,
				A0AAF57A94F849269D7091EF /* SF-Pro-Rounded-Bold.otf */,
				2E7A5422872B4D359CCBCB80 /* SF-Pro-Rounded-Heavy.otf */,
				B0589FABCC744A38B9075643 /* SF-Pro-Rounded-Light.otf */,
				5D354ABBF5104823B00F3352 /* SF-Pro-Rounded-Medium.otf */,
				4227D5B5B1AB4D20AA86D875 /* SF-Pro-Rounded-Regular.otf */,
				2B1957D4249344A8977AA4CC /* SF-Pro-Rounded-Semibold.otf */,
				EFF2D6AE02F04225A0BBABC8 /* SF-Pro-Rounded-Thin.otf */,
				C21C61A5876949999EB88654 /* SF-Pro-Rounded-Ultralight.otf */,
				B7C35A3471CC426ABD83C20F /* SF-Pro-Text-Black.otf */,
				8A2B2F6E71AA44E4817E12AF /* SF-Pro-Text-BlackItalic.otf */,
				E0446215DB1245D38FF6B02C /* SF-Pro-Text-Bold.otf */,
				5B417B28157F439CACA7C35C /* SF-Pro-Text-BoldItalic.otf */,
				AD556586D1C244DCB8054B16 /* SF-Pro-Text-Heavy.otf */,
				3A7413B3B5B04408A666C985 /* SF-Pro-Text-HeavyItalic.otf */,
				B672F494B2AB424790D19644 /* SF-Pro-Text-Light.otf */,
				0272701E6E5B40E0B32A5596 /* SF-Pro-Text-LightItalic.otf */,
				D2A11FBBE517440797C9F699 /* SF-Pro-Text-Medium.otf */,
				E1FC3C79E360429FA90A9A8E /* SF-Pro-Text-MediumItalic.otf */,
				6E9E1A07D7FA42398A1B94AF /* SF-Pro-Text-Regular.otf */,
				21396A986DD944B6AD68FAB7 /* SF-Pro-Text-RegularItalic.otf */,
				D611C1A57FF7462FB025E145 /* SF-Pro-Text-Semibold.otf */,
				8EB2BED98F004B2AAA26238E /* SF-Pro-Text-SemiboldItalic.otf */,
				2119D1AE10B34DDEBE396224 /* SF-Pro-Text-Thin.otf */,
				8B57F13D936F48118636A58E /* SF-Pro-Text-ThinItalic.otf */,
				A04983ADEB034D9E88FF5198 /* SF-Pro-Text-Ultralight.otf */,
				D51F17814F244AE88DB69038 /* SF-Pro-Text-UltralightItalic.otf */,
				96447D6307AC47C39E044BAB /* SF-Pro.ttf */,
			);
			name = Resources;
			path = "";
			sourceTree = "<group>";
		};
		2D16E6871FA4F8E400B85C8A /* Frameworks */ = {
			isa = PBXGroup;
			children = (
				ED297162215061F000B7C4FE /* JavaScriptCore.framework */,
				68B025B0014182DD76A93AB5 /* libPods-Carriage.a */,
				5AC4414AF22707A01EB30454 /* libPods-Carriage-CarriageTests.a */,
			);
			name = Frameworks;
			sourceTree = "<group>";
		};
		7882000BF05D3892B9ECD3A8 /* Pods */ = {
			isa = PBXGroup;
			children = (
				2F00D91F48631A892444E4F8 /* Pods-Carriage.debug.xcconfig */,
				2934A6399DA40DAADB4CA0D5 /* Pods-Carriage.release.xcconfig */,
				3568146C872404B471345FF4 /* Pods-Carriage-CarriageTests.debug.xcconfig */,
				119F25E0446601F96AC0ACB5 /* Pods-Carriage-CarriageTests.release.xcconfig */,
			);
			path = Pods;
			sourceTree = "<group>";
		};
		832341AE1AAA6A7D00B99B32 /* Libraries */ = {
			isa = PBXGroup;
			children = (
			);
			name = Libraries;
			sourceTree = "<group>";
		};
		83CBB9F61A601CBA00E9B192 = {
			isa = PBXGroup;
			children = (
				13B07FAE1A68108700A75B9A /* Carriage */,
				832341AE1AAA6A7D00B99B32 /* Libraries */,
				00E356EF1AD99517003FC87E /* CarriageTests */,
				83CBBA001A601CBA00E9B192 /* Products */,
				2D16E6871FA4F8E400B85C8A /* Frameworks */,
				7882000BF05D3892B9ECD3A8 /* Pods */,
				24D4D16E5F6A4B15A4ACF662 /* Resources */,
			);
			indentWidth = 2;
			sourceTree = "<group>";
			tabWidth = 2;
			usesTabs = 0;
		};
		83CBBA001A601CBA00E9B192 /* Products */ = {
			isa = PBXGroup;
			children = (
				13B07F961A680F5B00A75B9A /* Carriage.app */,
				00E356EE1AD99517003FC87E /* CarriageTests.xctest */,
			);
			name = Products;
			sourceTree = "<group>";
		};
/* End PBXGroup section */

/* Begin PBXNativeTarget section */
		00E356ED1AD99517003FC87E /* CarriageTests */ = {
			isa = PBXNativeTarget;
			buildConfigurationList = 00E357021AD99517003FC87E /* Build configuration list for PBXNativeTarget "CarriageTests" */;
			buildPhases = (
				93D14BC2F51C364CAE1222E1 /* [CP] Check Pods Manifest.lock */,
				00E356EA1AD99517003FC87E /* Sources */,
				00E356EB1AD99517003FC87E /* Frameworks */,
				00E356EC1AD99517003FC87E /* Resources */,
				1DED668CABA2D82D12170ECD /* [CP] Embed Pods Frameworks */,
				5BB6C0B1B2E4A679BB403FBE /* [CP] Copy Pods Resources */,
			);
			buildRules = (
			);
			dependencies = (
				00E356F51AD99517003FC87E /* PBXTargetDependency */,
			);
			name = CarriageTests;
			productName = CarriageTests;
			productReference = 00E356EE1AD99517003FC87E /* CarriageTests.xctest */;
			productType = "com.apple.product-type.bundle.unit-test";
		};
		13B07F861A680F5B00A75B9A /* Carriage */ = {
			isa = PBXNativeTarget;
			buildConfigurationList = 13B07F931A680F5B00A75B9A /* Build configuration list for PBXNativeTarget "Carriage" */;
			buildPhases = (
				F7E5DBFB4292F09D7D6E7C9B /* [CP] Check Pods Manifest.lock */,
				FD10A7F022414F080027D42C /* Start Packager */,
				13B07F871A680F5B00A75B9A /* Sources */,
				13B07F8C1A680F5B00A75B9A /* Frameworks */,
				13B07F8E1A680F5B00A75B9A /* Resources */,
				00DD1BFF1BD5951E006B06BC /* Bundle React Native code and images */,
				79DDECD95CAB33786C03A9E9 /* [CP] Embed Pods Frameworks */,
				FBCD796E3AAE91F87645FDDB /* [CP] Copy Pods Resources */,
			);
			buildRules = (
			);
			dependencies = (
			);
			name = Carriage;
			productName = Carriage;
			productReference = 13B07F961A680F5B00A75B9A /* Carriage.app */;
			productType = "com.apple.product-type.application";
		};
/* End PBXNativeTarget section */

/* Begin PBXProject section */
		83CBB9F71A601CBA00E9B192 /* Project object */ = {
			isa = PBXProject;
			attributes = {
				LastUpgradeCheck = 1240;
				TargetAttributes = {
					00E356ED1AD99517003FC87E = {
						CreatedOnToolsVersion = 6.2;
						TestTargetID = 13B07F861A680F5B00A75B9A;
					};
					13B07F861A680F5B00A75B9A = {
						LastSwiftMigration = 1120;
					};
				};
			};
			buildConfigurationList = 83CBB9FA1A601CBA00E9B192 /* Build configuration list for PBXProject "Carriage" */;
			compatibilityVersion = "Xcode 12.0";
			developmentRegion = en;
			hasScannedForEncodings = 0;
			knownRegions = (
				en,
				Base,
			);
			mainGroup = 83CBB9F61A601CBA00E9B192;
			productRefGroup = 83CBBA001A601CBA00E9B192 /* Products */;
			projectDirPath = "";
			projectRoot = "";
			targets = (
				13B07F861A680F5B00A75B9A /* Carriage */,
				00E356ED1AD99517003FC87E /* CarriageTests */,
			);
		};
/* End PBXProject section */

/* Begin PBXResourcesBuildPhase section */
		00E356EC1AD99517003FC87E /* Resources */ = {
			isa = PBXResourcesBuildPhase;
			buildActionMask = 2147483647;
			files = (
			);
			runOnlyForDeploymentPostprocessing = 0;
		};
		13B07F8E1A680F5B00A75B9A /* Resources */ = {
			isa = PBXResourcesBuildPhase;
			buildActionMask = 2147483647;
			files = (
				81AB9BB82411601600AC10FF /* LaunchScreen.storyboard in Resources */,
				13B07FBF1A68108700A75B9A /* Images.xcassets in Resources */,
				CDA56E318F1A4EBB82690381 /* SF-Compact-Display-Black.otf in Resources */,
				AA1C5446329A4FAB9D672153 /* SF-Compact-Display-Bold.otf in Resources */,
				9EC5B126EB4A448A9D934EE0 /* SF-Compact-Display-Heavy.otf in Resources */,
				63663A6909954344BE99893A /* SF-Compact-Display-Light.otf in Resources */,
				30EEB752E7184D39A42446AD /* SF-Compact-Display-Medium.otf in Resources */,
				1CB404C3FD004AD3AE7441F3 /* SF-Compact-Display-Regular.otf in Resources */,
				BCC715A6B0E94FEBA152197B /* SF-Compact-Display-Semibold.otf in Resources */,
				D5FF84DDA0FA420C8019886C /* SF-Compact-Display-Thin.otf in Resources */,
				9FBCAC97AB5C4E6FBA0F4D4A /* SF-Compact-Display-Ultralight.otf in Resources */,
				8856989D6A7F430E92DA0931 /* SF-Compact-Italic.ttf in Resources */,
				9128519643264492B252DC44 /* SF-Compact-Rounded-Black.otf in Resources */,
				13ADDA51B7804F3A991C6721 /* SF-Compact-Rounded-Bold.otf in Resources */,
				3439964250E54D208FB7D54A /* SF-Compact-Rounded-Heavy.otf in Resources */,
				B788823AE4FC442388FACC81 /* SF-Compact-Rounded-Light.otf in Resources */,
				58DBFCB1A6D5440384BFD4DE /* SF-Compact-Rounded-Medium.otf in Resources */,
				06EFEF3AF03A4A73BE23B75C /* SF-Compact-Rounded-Regular.otf in Resources */,
				5DDBD8F806E84611982B8953 /* SF-Compact-Rounded-Semibold.otf in Resources */,
				35686C7BE33846758DCEC95E /* SF-Compact-Rounded-Thin.otf in Resources */,
				58B7911503D04BB6B5EC55F7 /* SF-Compact-Rounded-Ultralight.otf in Resources */,
				3F0DA9143F274E698742B8DB /* SF-Compact-Text-Black.otf in Resources */,
				5AFE4A0CE4A140D1B840CE80 /* SF-Compact-Text-BlackItalic.otf in Resources */,
				12E9C1C9D49D4750B084DA85 /* SF-Compact-Text-Bold.otf in Resources */,
				F17575B84E39422A8391BD77 /* SF-Compact-Text-BoldItalic.otf in Resources */,
				BD221DC736294C54A81092F8 /* SF-Compact-Text-Heavy.otf in Resources */,
				22F0A3C483224052B746C993 /* SF-Compact-Text-HeavyItalic.otf in Resources */,
				DFDDC527E0054C4298F4B516 /* SF-Compact-Text-Light.otf in Resources */,
				9D927DF0C0E94DE08272EF80 /* SF-Compact-Text-LightItalic.otf in Resources */,
				443D7EBDE6E0453781F6AEFB /* SF-Compact-Text-Medium.otf in Resources */,
				6EEB20AF31CA4E7E82E3D015 /* SF-Compact-Text-MediumItalic.otf in Resources */,
				563EB80554B5468DA716300B /* SF-Compact-Text-Regular.otf in Resources */,
				DC507A94121C4C9FA41468D3 /* SF-Compact-Text-RegularItalic.otf in Resources */,
				EAF147991FF7442AB0BF0BB4 /* SF-Compact-Text-Semibold.otf in Resources */,
				373929C60B17479BA917789F /* SF-Compact-Text-SemiboldItalic.otf in Resources */,
				F2E950FF21EF4A07920FE839 /* SF-Compact-Text-Thin.otf in Resources */,
				720809E70FBE46FD855C6C77 /* SF-Compact-Text-ThinItalic.otf in Resources */,
				63FA356EFE934925B5BEC581 /* SF-Compact-Text-Ultralight.otf in Resources */,
				391E01D451A74915B0BCE009 /* SF-Compact-Text-UltralightItalic.otf in Resources */,
				77525D11B1264FD6B833047D /* SF-Compact.ttf in Resources */,
				316315A616FF4CC0B08C2AA8 /* SF-Pro-Display-Black.otf in Resources */,
				09D28702CEBB453E9D9720B4 /* SF-Pro-Display-BlackItalic.otf in Resources */,
				B7D68FE75D3E4C6498B300CB /* SF-Pro-Display-Bold.otf in Resources */,
				3935082FF20F487CA61D4A01 /* SF-Pro-Display-BoldItalic.otf in Resources */,
				03F8553C625C45E8BFE4F035 /* SF-Pro-Display-Heavy.otf in Resources */,
				D3353D270813445D9F964F2E /* SF-Pro-Display-HeavyItalic.otf in Resources */,
				5E44688106244CB0B3075950 /* SF-Pro-Display-Light.otf in Resources */,
				35534C3D9EA940389D98B695 /* SF-Pro-Display-LightItalic.otf in Resources */,
				67D6B50BA9A248618F66AAA7 /* SF-Pro-Display-Medium.otf in Resources */,
				F2964695A3064A8BA8F6C303 /* SF-Pro-Display-MediumItalic.otf in Resources */,
				A7F7971FF5564CD9A4062B99 /* SF-Pro-Display-Regular.otf in Resources */,
				E8D7834280604690A2AF70BC /* SF-Pro-Display-RegularItalic.otf in Resources */,
				1BB7B7699D114F428233501F /* SF-Pro-Display-Semibold.otf in Resources */,
				A1BE5DFD62EC499DAB2EF398 /* SF-Pro-Display-SemiboldItalic.otf in Resources */,
				6AC4183EBE68447394F3B0F8 /* SF-Pro-Display-Thin.otf in Resources */,
				DAA00F2FF26D40068F0776CB /* SF-Pro-Display-ThinItalic.otf in Resources */,
				7BA291930C9C40EE8A5FC0DB /* SF-Pro-Display-Ultralight.otf in Resources */,
				9F96AB221D6F4B0395833BBC /* SF-Pro-Display-UltralightItalic.otf in Resources */,
				20F6E8F0438C4700827D162C /* SF-Pro-Italic.ttf in Resources */,
				1D290DCD38194FA9B570625A /* SF-Pro-Rounded-Black.otf in Resources */,
				B2EE8CC8AB3B41CA989C6EB5 /* SF-Pro-Rounded-Bold.otf in Resources */,
				A91EA17588F043E4A55F523A /* SF-Pro-Rounded-Heavy.otf in Resources */,
				ACD014FA848A486DB8353974 /* SF-Pro-Rounded-Light.otf in Resources */,
				34C71027C0EF44B8BBA53A82 /* SF-Pro-Rounded-Medium.otf in Resources */,
				9BE7548B25A94B06899953C4 /* SF-Pro-Rounded-Regular.otf in Resources */,
				CD0585C721144833BD2220AF /* SF-Pro-Rounded-Semibold.otf in Resources */,
				F47C24CED25A4813BB3B1B20 /* SF-Pro-Rounded-Thin.otf in Resources */,
				2A42188396A5498C9A647F4F /* SF-Pro-Rounded-Ultralight.otf in Resources */,
				7D04EB92904749629B869398 /* SF-Pro-Text-Black.otf in Resources */,
				836F1CA5E124489EB8BDD1BE /* SF-Pro-Text-BlackItalic.otf in Resources */,
				369CF81B3B2E4A908F1AFA01 /* SF-Pro-Text-Bold.otf in Resources */,
				2D582E386C7541DCA6DD386F /* SF-Pro-Text-BoldItalic.otf in Resources */,
				4BF86550635047ABA81B14B8 /* SF-Pro-Text-Heavy.otf in Resources */,
				D4D39D41E6F9418BA9848075 /* SF-Pro-Text-HeavyItalic.otf in Resources */,
				F86E044250D742EE8C85C2BE /* SF-Pro-Text-Light.otf in Resources */,
				CD4532657E93402384EEA1AD /* SF-Pro-Text-LightItalic.otf in Resources */,
				643D4B0DC7934E1C84CA694F /* SF-Pro-Text-Medium.otf in Resources */,
				039657EF9D414E03BE1704E2 /* SF-Pro-Text-MediumItalic.otf in Resources */,
				DA0E87890D36470EB4671E9D /* SF-Pro-Text-Regular.otf in Resources */,
				33F0C563454B497FA7A2872E /* SF-Pro-Text-RegularItalic.otf in Resources */,
				E122353195F34955A213D781 /* SF-Pro-Text-Semibold.otf in Resources */,
				50D62D9257E04382BF9AF2A3 /* SF-Pro-Text-SemiboldItalic.otf in Resources */,
				34EEC862185742EC93CA59A9 /* SF-Pro-Text-Thin.otf in Resources */,
				1C7603FE72024B53914D6B7E /* SF-Pro-Text-ThinItalic.otf in Resources */,
				D06ADB830002402A82EB7E45 /* SF-Pro-Text-Ultralight.otf in Resources */,
				F51764466B8A45AE85D59229 /* SF-Pro-Text-UltralightItalic.otf in Resources */,
				22B4B6734CE848AFB3FD32F4 /* SF-Pro.ttf in Resources */,
			);
			runOnlyForDeploymentPostprocessing = 0;
		};
/* End PBXResourcesBuildPhase section */

/* Begin PBXShellScriptBuildPhase section */
		00DD1BFF1BD5951E006B06BC /* Bundle React Native code and images */ = {
			isa = PBXShellScriptBuildPhase;
			buildActionMask = 2147483647;
			files = (
			);
			inputPaths = (
			);
			name = "Bundle React Native code and images";
			outputPaths = (
			);
			runOnlyForDeploymentPostprocessing = 0;
			shellPath = /bin/sh;
			shellScript = "set -e\n\nexport NODE_BINARY=node\n../node_modules/react-native/scripts/react-native-xcode.sh\n";
		};
		1DED668CABA2D82D12170ECD /* [CP] Embed Pods Frameworks */ = {
			isa = PBXShellScriptBuildPhase;
			buildActionMask = 2147483647;
			files = (
			);
			inputFileListPaths = (
				"${PODS_ROOT}/Target Support Files/Pods-Carriage-CarriageTests/Pods-Carriage-CarriageTests-frameworks-${CONFIGURATION}-input-files.xcfilelist",
			);
			name = "[CP] Embed Pods Frameworks";
			outputFileListPaths = (
				"${PODS_ROOT}/Target Support Files/Pods-Carriage-CarriageTests/Pods-Carriage-CarriageTests-frameworks-${CONFIGURATION}-output-files.xcfilelist",
			);
			runOnlyForDeploymentPostprocessing = 0;
			shellPath = /bin/sh;
			shellScript = "\"${PODS_ROOT}/Target Support Files/Pods-Carriage-CarriageTests/Pods-Carriage-CarriageTests-frameworks.sh\"\n";
			showEnvVarsInLog = 0;
		};
		5BB6C0B1B2E4A679BB403FBE /* [CP] Copy Pods Resources */ = {
			isa = PBXShellScriptBuildPhase;
			buildActionMask = 2147483647;
			files = (
			);
			inputFileListPaths = (
				"${PODS_ROOT}/Target Support Files/Pods-Carriage-CarriageTests/Pods-Carriage-CarriageTests-resources-${CONFIGURATION}-input-files.xcfilelist",
			);
			name = "[CP] Copy Pods Resources";
			outputFileListPaths = (
				"${PODS_ROOT}/Target Support Files/Pods-Carriage-CarriageTests/Pods-Carriage-CarriageTests-resources-${CONFIGURATION}-output-files.xcfilelist",
			);
			runOnlyForDeploymentPostprocessing = 0;
			shellPath = /bin/sh;
			shellScript = "\"${PODS_ROOT}/Target Support Files/Pods-Carriage-CarriageTests/Pods-Carriage-CarriageTests-resources.sh\"\n";
			showEnvVarsInLog = 0;
		};
		79DDECD95CAB33786C03A9E9 /* [CP] Embed Pods Frameworks */ = {
			isa = PBXShellScriptBuildPhase;
			buildActionMask = 2147483647;
			files = (
			);
			inputFileListPaths = (
				"${PODS_ROOT}/Target Support Files/Pods-Carriage/Pods-Carriage-frameworks-${CONFIGURATION}-input-files.xcfilelist",
			);
			name = "[CP] Embed Pods Frameworks";
			outputFileListPaths = (
				"${PODS_ROOT}/Target Support Files/Pods-Carriage/Pods-Carriage-frameworks-${CONFIGURATION}-output-files.xcfilelist",
			);
			runOnlyForDeploymentPostprocessing = 0;
			shellPath = /bin/sh;
			shellScript = "\"${PODS_ROOT}/Target Support Files/Pods-Carriage/Pods-Carriage-frameworks.sh\"\n";
			showEnvVarsInLog = 0;
		};
		93D14BC2F51C364CAE1222E1 /* [CP] Check Pods Manifest.lock */ = {
			isa = PBXShellScriptBuildPhase;
			buildActionMask = 2147483647;
			files = (
			);
			inputFileListPaths = (
			);
			inputPaths = (
				"${PODS_PODFILE_DIR_PATH}/Podfile.lock",
				"${PODS_ROOT}/Manifest.lock",
			);
			name = "[CP] Check Pods Manifest.lock";
			outputFileListPaths = (
			);
			outputPaths = (
				"$(DERIVED_FILE_DIR)/Pods-Carriage-CarriageTests-checkManifestLockResult.txt",
			);
			runOnlyForDeploymentPostprocessing = 0;
			shellPath = /bin/sh;
			shellScript = "diff \"${PODS_PODFILE_DIR_PATH}/Podfile.lock\" \"${PODS_ROOT}/Manifest.lock\" > /dev/null\nif [ $? != 0 ] ; then\n    # print error to STDERR\n    echo \"error: The sandbox is not in sync with the Podfile.lock. Run 'pod install' or update your CocoaPods installation.\" >&2\n    exit 1\nfi\n# This output is used by Xcode 'outputs' to avoid re-running this script phase.\necho \"SUCCESS\" > \"${SCRIPT_OUTPUT_FILE_0}\"\n";
			showEnvVarsInLog = 0;
		};
		F7E5DBFB4292F09D7D6E7C9B /* [CP] Check Pods Manifest.lock */ = {
			isa = PBXShellScriptBuildPhase;
			buildActionMask = 2147483647;
			files = (
			);
			inputFileListPaths = (
			);
			inputPaths = (
				"${PODS_PODFILE_DIR_PATH}/Podfile.lock",
				"${PODS_ROOT}/Manifest.lock",
			);
			name = "[CP] Check Pods Manifest.lock";
			outputFileListPaths = (
			);
			outputPaths = (
				"$(DERIVED_FILE_DIR)/Pods-Carriage-checkManifestLockResult.txt",
			);
			runOnlyForDeploymentPostprocessing = 0;
			shellPath = /bin/sh;
			shellScript = "diff \"${PODS_PODFILE_DIR_PATH}/Podfile.lock\" \"${PODS_ROOT}/Manifest.lock\" > /dev/null\nif [ $? != 0 ] ; then\n    # print error to STDERR\n    echo \"error: The sandbox is not in sync with the Podfile.lock. Run 'pod install' or update your CocoaPods installation.\" >&2\n    exit 1\nfi\n# This output is used by Xcode 'outputs' to avoid re-running this script phase.\necho \"SUCCESS\" > \"${SCRIPT_OUTPUT_FILE_0}\"\n";
			showEnvVarsInLog = 0;
		};
		FBCD796E3AAE91F87645FDDB /* [CP] Copy Pods Resources */ = {
			isa = PBXShellScriptBuildPhase;
			buildActionMask = 2147483647;
			files = (
			);
			inputFileListPaths = (
				"${PODS_ROOT}/Target Support Files/Pods-Carriage/Pods-Carriage-resources-${CONFIGURATION}-input-files.xcfilelist",
			);
			name = "[CP] Copy Pods Resources";
			outputFileListPaths = (
				"${PODS_ROOT}/Target Support Files/Pods-Carriage/Pods-Carriage-resources-${CONFIGURATION}-output-files.xcfilelist",
			);
			runOnlyForDeploymentPostprocessing = 0;
			shellPath = /bin/sh;
			shellScript = "\"${PODS_ROOT}/Target Support Files/Pods-Carriage/Pods-Carriage-resources.sh\"\n";
			showEnvVarsInLog = 0;
		};
		FD10A7F022414F080027D42C /* Start Packager */ = {
			isa = PBXShellScriptBuildPhase;
			buildActionMask = 2147483647;
			files = (
			);
			inputFileListPaths = (
			);
			inputPaths = (
			);
			name = "Start Packager";
			outputFileListPaths = (
			);
			outputPaths = (
			);
			runOnlyForDeploymentPostprocessing = 0;
			shellPath = /bin/sh;
			shellScript = "export RCT_METRO_PORT=\"${RCT_METRO_PORT:=8081}\"\necho \"export RCT_METRO_PORT=${RCT_METRO_PORT}\" > \"${SRCROOT}/../node_modules/react-native/scripts/.packager.env\"\nif [ -z \"${RCT_NO_LAUNCH_PACKAGER+xxx}\" ] ; then\n  if nc -w 5 -z localhost ${RCT_METRO_PORT} ; then\n    if ! curl -s \"http://localhost:${RCT_METRO_PORT}/status\" | grep -q \"packager-status:running\" ; then\n      echo \"Port ${RCT_METRO_PORT} already in use, packager is either not running or not running correctly\"\n      exit 2\n    fi\n  else\n    open \"$SRCROOT/../node_modules/react-native/scripts/launchPackager.command\" || echo \"Can't start packager automatically\"\n  fi\nfi\n";
			showEnvVarsInLog = 0;
		};
/* End PBXShellScriptBuildPhase section */

/* Begin PBXSourcesBuildPhase section */
		00E356EA1AD99517003FC87E /* Sources */ = {
			isa = PBXSourcesBuildPhase;
			buildActionMask = 2147483647;
			files = (
				00E356F31AD99517003FC87E /* CarriageTests.m in Sources */,
			);
			runOnlyForDeploymentPostprocessing = 0;
		};
		13B07F871A680F5B00A75B9A /* Sources */ = {
			isa = PBXSourcesBuildPhase;
			buildActionMask = 2147483647;
			files = (
				13B07FBC1A68108700A75B9A /* AppDelegate.m in Sources */,
				13B07FC11A68108700A75B9A /* main.m in Sources */,
			);
			runOnlyForDeploymentPostprocessing = 0;
		};
/* End PBXSourcesBuildPhase section */

/* Begin PBXTargetDependency section */
		00E356F51AD99517003FC87E /* PBXTargetDependency */ = {
			isa = PBXTargetDependency;
			target = 13B07F861A680F5B00A75B9A /* Carriage */;
			targetProxy = 00E356F41AD99517003FC87E /* PBXContainerItemProxy */;
		};
/* End PBXTargetDependency section */

/* Begin XCBuildConfiguration section */
		00E356F61AD99517003FC87E /* Debug */ = {
			isa = XCBuildConfiguration;
			baseConfigurationReference = 3568146C872404B471345FF4 /* Pods-Carriage-CarriageTests.debug.xcconfig */;
			buildSettings = {
				ALWAYS_EMBED_SWIFT_STANDARD_LIBRARIES = YES;
				BUNDLE_LOADER = "$(TEST_HOST)";
				GCC_PREPROCESSOR_DEFINITIONS = (
					"DEBUG=1",
					"$(inherited)",
				);
				INFOPLIST_FILE = CarriageTests/Info.plist;
				IPHONEOS_DEPLOYMENT_TARGET = 12.0;
				LD_RUNPATH_SEARCH_PATHS = (
					"$(inherited)",
					"@executable_path/Frameworks",
					"@loader_path/Frameworks",
				);
				OTHER_LDFLAGS = (
					"-ObjC",
					"-lc++",
					"$(inherited)",
				);
				PRODUCT_BUNDLE_IDENTIFIER = "org.reactjs.native.example.$(PRODUCT_NAME:rfc1034identifier)";
				PRODUCT_NAME = "$(TARGET_NAME)";
				TEST_HOST = "$(BUILT_PRODUCTS_DIR)/Carriage.app/Carriage";
			};
			name = Debug;
		};
		00E356F71AD99517003FC87E /* Release */ = {
			isa = XCBuildConfiguration;
			baseConfigurationReference = 119F25E0446601F96AC0ACB5 /* Pods-Carriage-CarriageTests.release.xcconfig */;
			buildSettings = {
				ALWAYS_EMBED_SWIFT_STANDARD_LIBRARIES = YES;
				BUNDLE_LOADER = "$(TEST_HOST)";
				COPY_PHASE_STRIP = NO;
				INFOPLIST_FILE = CarriageTests/Info.plist;
				IPHONEOS_DEPLOYMENT_TARGET = 12.0;
				LD_RUNPATH_SEARCH_PATHS = (
					"$(inherited)",
					"@executable_path/Frameworks",
					"@loader_path/Frameworks",
				);
				OTHER_LDFLAGS = (
					"-ObjC",
					"-lc++",
					"$(inherited)",
				);
				PRODUCT_BUNDLE_IDENTIFIER = "org.reactjs.native.example.$(PRODUCT_NAME:rfc1034identifier)";
				PRODUCT_NAME = "$(TARGET_NAME)";
				TEST_HOST = "$(BUILT_PRODUCTS_DIR)/Carriage.app/Carriage";
			};
			name = Release;
		};
		13B07F941A680F5B00A75B9A /* Debug */ = {
			isa = XCBuildConfiguration;
			baseConfigurationReference = 2F00D91F48631A892444E4F8 /* Pods-Carriage.debug.xcconfig */;
			buildSettings = {
				ASSETCATALOG_COMPILER_APPICON_NAME = AppIcon;
				CLANG_ENABLE_MODULES = YES;
				CURRENT_PROJECT_VERSION = 1;
				DEVELOPMENT_TEAM = RHUZ9GLUCQ;
				ENABLE_BITCODE = NO;
				INFOPLIST_FILE = Carriage/Info.plist;
				LD_RUNPATH_SEARCH_PATHS = (
					"$(inherited)",
					"@executable_path/Frameworks",
				);
				OTHER_LDFLAGS = (
					"$(inherited)",
					"-ObjC",
					"-lc++",
				);
				PRODUCT_BUNDLE_IDENTIFIER = "org.reactjs.native.example.$(PRODUCT_NAME:rfc1034identifier)";
				PRODUCT_NAME = Carriage;
				SWIFT_OPTIMIZATION_LEVEL = "-Onone";
				SWIFT_VERSION = 5.0;
				VERSIONING_SYSTEM = "apple-generic";
			};
			name = Debug;
		};
		13B07F951A680F5B00A75B9A /* Release */ = {
			isa = XCBuildConfiguration;
			baseConfigurationReference = 2934A6399DA40DAADB4CA0D5 /* Pods-Carriage.release.xcconfig */;
			buildSettings = {
				ASSETCATALOG_COMPILER_APPICON_NAME = AppIcon;
				CLANG_ENABLE_MODULES = YES;
				CURRENT_PROJECT_VERSION = 1;
				DEVELOPMENT_TEAM = RHUZ9GLUCQ;
				INFOPLIST_FILE = Carriage/Info.plist;
				LD_RUNPATH_SEARCH_PATHS = (
					"$(inherited)",
					"@executable_path/Frameworks",
				);
				OTHER_LDFLAGS = (
					"$(inherited)",
					"-ObjC",
					"-lc++",
				);
				PRODUCT_BUNDLE_IDENTIFIER = "org.reactjs.native.example.$(PRODUCT_NAME:rfc1034identifier)";
				PRODUCT_NAME = Carriage;
				SWIFT_VERSION = 5.0;
				VERSIONING_SYSTEM = "apple-generic";
			};
			name = Release;
		};
		83CBBA201A601CBA00E9B192 /* Debug */ = {
			isa = XCBuildConfiguration;
			buildSettings = {
				ALWAYS_SEARCH_USER_PATHS = NO;
				CLANG_ANALYZER_LOCALIZABILITY_NONLOCALIZED = YES;
				CLANG_CXX_LANGUAGE_STANDARD = "gnu++0x";
				CLANG_CXX_LIBRARY = "libc++";
				CLANG_ENABLE_MODULES = YES;
				CLANG_ENABLE_OBJC_ARC = YES;
				CLANG_WARN_BLOCK_CAPTURE_AUTORELEASING = YES;
				CLANG_WARN_BOOL_CONVERSION = YES;
				CLANG_WARN_COMMA = YES;
				CLANG_WARN_CONSTANT_CONVERSION = YES;
				CLANG_WARN_DEPRECATED_OBJC_IMPLEMENTATIONS = YES;
				CLANG_WARN_DIRECT_OBJC_ISA_USAGE = YES_ERROR;
				CLANG_WARN_EMPTY_BODY = YES;
				CLANG_WARN_ENUM_CONVERSION = YES;
				CLANG_WARN_INFINITE_RECURSION = YES;
				CLANG_WARN_INT_CONVERSION = YES;
				CLANG_WARN_NON_LITERAL_NULL_CONVERSION = YES;
				CLANG_WARN_OBJC_IMPLICIT_RETAIN_SELF = YES;
				CLANG_WARN_OBJC_LITERAL_CONVERSION = YES;
				CLANG_WARN_OBJC_ROOT_CLASS = YES_ERROR;
				CLANG_WARN_QUOTED_INCLUDE_IN_FRAMEWORK_HEADER = YES;
				CLANG_WARN_RANGE_LOOP_ANALYSIS = YES;
				CLANG_WARN_STRICT_PROTOTYPES = YES;
				CLANG_WARN_SUSPICIOUS_MOVE = YES;
				CLANG_WARN_UNREACHABLE_CODE = YES;
				CLANG_WARN__DUPLICATE_METHOD_MATCH = YES;
				"CODE_SIGN_IDENTITY[sdk=iphoneos*]" = "iPhone Developer";
				COPY_PHASE_STRIP = NO;
				ENABLE_STRICT_OBJC_MSGSEND = YES;
				ENABLE_TESTABILITY = YES;
				"EXCLUDED_ARCHS[sdk=iphonesimulator*]" = "arm64 ";
				GCC_C_LANGUAGE_STANDARD = gnu99;
				GCC_DYNAMIC_NO_PIC = NO;
				GCC_NO_COMMON_BLOCKS = YES;
				GCC_OPTIMIZATION_LEVEL = 0;
				GCC_PREPROCESSOR_DEFINITIONS = (
					"DEBUG=1",
					"$(inherited)",
				);
				GCC_SYMBOLS_PRIVATE_EXTERN = NO;
				GCC_WARN_64_TO_32_BIT_CONVERSION = YES;
				GCC_WARN_ABOUT_RETURN_TYPE = YES_ERROR;
				GCC_WARN_UNDECLARED_SELECTOR = YES;
				GCC_WARN_UNINITIALIZED_AUTOS = YES_AGGRESSIVE;
				GCC_WARN_UNUSED_FUNCTION = YES;
				GCC_WARN_UNUSED_VARIABLE = YES;
				IPHONEOS_DEPLOYMENT_TARGET = 10.0;
				LD_RUNPATH_SEARCH_PATHS = (
					/usr/lib/swift,
					"$(inherited)",
				);
				LIBRARY_SEARCH_PATHS = (
					"\"$(TOOLCHAIN_DIR)/usr/lib/swift/$(PLATFORM_NAME)\"",
					"\"$(TOOLCHAIN_DIR)/usr/lib/swift-5.0/$(PLATFORM_NAME)\"",
					"\"$(inherited)\"",
				);
				MTL_ENABLE_DEBUG_INFO = YES;
				ONLY_ACTIVE_ARCH = YES;
				SDKROOT = iphoneos;
			};
			name = Debug;
		};
		83CBBA211A601CBA00E9B192 /* Release */ = {
			isa = XCBuildConfiguration;
			buildSettings = {
				ALWAYS_SEARCH_USER_PATHS = NO;
				CLANG_ANALYZER_LOCALIZABILITY_NONLOCALIZED = YES;
				CLANG_CXX_LANGUAGE_STANDARD = "gnu++0x";
				CLANG_CXX_LIBRARY = "libc++";
				CLANG_ENABLE_MODULES = YES;
				CLANG_ENABLE_OBJC_ARC = YES;
				CLANG_WARN_BLOCK_CAPTURE_AUTORELEASING = YES;
				CLANG_WARN_BOOL_CONVERSION = YES;
				CLANG_WARN_COMMA = YES;
				CLANG_WARN_CONSTANT_CONVERSION = YES;
				CLANG_WARN_DEPRECATED_OBJC_IMPLEMENTATIONS = YES;
				CLANG_WARN_DIRECT_OBJC_ISA_USAGE = YES_ERROR;
				CLANG_WARN_EMPTY_BODY = YES;
				CLANG_WARN_ENUM_CONVERSION = YES;
				CLANG_WARN_INFINITE_RECURSION = YES;
				CLANG_WARN_INT_CONVERSION = YES;
				CLANG_WARN_NON_LITERAL_NULL_CONVERSION = YES;
				CLANG_WARN_OBJC_IMPLICIT_RETAIN_SELF = YES;
				CLANG_WARN_OBJC_LITERAL_CONVERSION = YES;
				CLANG_WARN_OBJC_ROOT_CLASS = YES_ERROR;
				CLANG_WARN_QUOTED_INCLUDE_IN_FRAMEWORK_HEADER = YES;
				CLANG_WARN_RANGE_LOOP_ANALYSIS = YES;
				CLANG_WARN_STRICT_PROTOTYPES = YES;
				CLANG_WARN_SUSPICIOUS_MOVE = YES;
				CLANG_WARN_UNREACHABLE_CODE = YES;
				CLANG_WARN__DUPLICATE_METHOD_MATCH = YES;
				"CODE_SIGN_IDENTITY[sdk=iphoneos*]" = "iPhone Developer";
				COPY_PHASE_STRIP = YES;
				ENABLE_NS_ASSERTIONS = NO;
				ENABLE_STRICT_OBJC_MSGSEND = YES;
				"EXCLUDED_ARCHS[sdk=iphonesimulator*]" = "arm64 ";
				GCC_C_LANGUAGE_STANDARD = gnu99;
				GCC_NO_COMMON_BLOCKS = YES;
				GCC_WARN_64_TO_32_BIT_CONVERSION = YES;
				GCC_WARN_ABOUT_RETURN_TYPE = YES_ERROR;
				GCC_WARN_UNDECLARED_SELECTOR = YES;
				GCC_WARN_UNINITIALIZED_AUTOS = YES_AGGRESSIVE;
				GCC_WARN_UNUSED_FUNCTION = YES;
				GCC_WARN_UNUSED_VARIABLE = YES;
				IPHONEOS_DEPLOYMENT_TARGET = 10.0;
				LD_RUNPATH_SEARCH_PATHS = (
					/usr/lib/swift,
					"$(inherited)",
				);
				LIBRARY_SEARCH_PATHS = (
					"\"$(TOOLCHAIN_DIR)/usr/lib/swift/$(PLATFORM_NAME)\"",
					"\"$(TOOLCHAIN_DIR)/usr/lib/swift-5.0/$(PLATFORM_NAME)\"",
					"\"$(inherited)\"",
				);
				MTL_ENABLE_DEBUG_INFO = NO;
				SDKROOT = iphoneos;
				VALIDATE_PRODUCT = YES;
			};
			name = Release;
		};
/* End XCBuildConfiguration section */

/* Begin XCConfigurationList section */
		00E357021AD99517003FC87E /* Build configuration list for PBXNativeTarget "CarriageTests" */ = {
			isa = XCConfigurationList;
			buildConfigurations = (
				00E356F61AD99517003FC87E /* Debug */,
				00E356F71AD99517003FC87E /* Release */,
			);
			defaultConfigurationIsVisible = 0;
			defaultConfigurationName = Debug;
		};
		13B07F931A680F5B00A75B9A /* Build configuration list for PBXNativeTarget "Carriage" */ = {
			isa = XCConfigurationList;
			buildConfigurations = (
				13B07F941A680F5B00A75B9A /* Debug */,
				13B07F951A680F5B00A75B9A /* Release */,
			);
			defaultConfigurationIsVisible = 0;
			defaultConfigurationName = Debug;
		};
		83CBB9FA1A601CBA00E9B192 /* Build configuration list for PBXProject "Carriage" */ = {
			isa = XCConfigurationList;
			buildConfigurations = (
				83CBBA201A601CBA00E9B192 /* Debug */,
				83CBBA211A601CBA00E9B192 /* Release */,
			);
			defaultConfigurationIsVisible = 0;
			defaultConfigurationName = Debug;
		};
/* End XCConfigurationList section */
	};
	rootObject = 83CBB9F71A601CBA00E9B192 /* Project object */;
}
